
Microsoft Visual Studio Solution File, Format Version 12.00
# Visual Studio Version 17
VisualStudioVersion = 17.2.32630.192
MinimumVisualStudioVersion = 10.0.40219.1
Project("{9A19103F-16F7-4668-BE54-9A1E7A4F7556}") = "R5T.S0081", "R5T.S0081\R5T.S0081.csproj", "{FCD7FDF6-B60F-41DD-8AA5-F08037FC6597}"
EndProject
Global
	GlobalSection(SolutionConfigurationPlatforms) = preSolution
		Debug|Any CPU = Debug|Any CPU
		Release|Any CPU = Release|Any CPU
	EndGlobalSection
	GlobalSection(ProjectConfigurationPlatforms) = postSolution
		{FCD7FDF6-B60F-41DD-8AA5-F08037FC6597}.Debug|Any CPU.ActiveCfg = Debug|Any CPU
		{FCD7FDF6-B60F-41DD-8AA5-F08037FC6597}.Debug|Any CPU.Build.0 = Debug|Any CPU
		{FCD7FDF6-B60F-41DD-8AA5-F08037FC6597}.Release|Any CPU.ActiveCfg = Release|Any CPU
		{FCD7FDF6-B60F-41DD-8AA5-F08037FC6597}.Release|Any CPU.Build.0 = Release|Any CPU
	EndGlobalSection
	GlobalSection(SolutionProperties) = preSolution
		HideSolutionNode = FALSE
	EndGlobalSection
	GlobalSection(ExtensibilityGlobals) = postSolution
		SolutionGuid = {A3959553-2C0B-4DAC-A05C-C5D4883BACC4}
	EndGlobalSection
EndGlobal
