
Microsoft Visual Studio Solution File, Format Version 12.00
# Visual Studio Version 17
VisualStudioVersion = 17.2.32630.192
MinimumVisualStudioVersion = 10.0.40219.1
Project("{9A19103F-16F7-4668-BE54-9A1E7A4F7556}") = "R5T.S0081", "R5T.S0081\R5T.S0081.csproj", "{FCD7FDF6-B60F-41DD-8AA5-F08037FC6597}"
EndProject
Project("{2150E333-8FDC-42A3-9474-1A3956D46DE8}") = "_Dependencies", "_Dependencies", "{71C1205D-FA98-48A6-BF83-17E29BAD2DF6}"
EndProject
Project("{9A19103F-16F7-4668-BE54-9A1E7A4F7556}") = "R5T.F0000", "..\..\R5T.F0000\source\R5T.F0000\R5T.F0000.csproj", "{95B5304B-C976-4461-B3F5-F55E6B7D82E5}"
EndProject
Project("{9A19103F-16F7-4668-BE54-9A1E7A4F7556}") = "R5T.F0002", "..\..\R5T.F0002\source\R5T.F0002\R5T.F0002.csproj", "{7364C58D-B6BA-4666-99EE-275AC21EBFBD}"
EndProject
Project("{9A19103F-16F7-4668-BE54-9A1E7A4F7556}") = "R5T.F0019", "..\..\R5T.F0019\source\R5T.F0019\R5T.F0019.csproj", "{00155A55-CD98-4EAA-A50A-E790F0F0E647}"
EndProject
Project("{9A19103F-16F7-4668-BE54-9A1E7A4F7556}") = "R5T.F0032", "..\..\R5T.F0032\source\R5T.F0032\R5T.F0032.csproj", "{57F9C925-CAC8-42D7-9195-42CD41C039E1}"
EndProject
Project("{9A19103F-16F7-4668-BE54-9A1E7A4F7556}") = "R5T.F0041", "..\..\R5T.F0041\source\R5T.F0041\R5T.F0041.csproj", "{DA73609F-7FEE-4313-855F-3EBEC841B9A9}"
EndProject
Project("{9A19103F-16F7-4668-BE54-9A1E7A4F7556}") = "R5T.F0044", "..\..\R5T.F0044\source\R5T.F0044\R5T.F0044.csproj", "{CF195D23-57A3-4E0E-B433-4E70D5330004}"
EndProject
Project("{9A19103F-16F7-4668-BE54-9A1E7A4F7556}") = "R5T.F0046", "..\..\R5T.F0046\source\R5T.F0046\R5T.F0046.csproj", "{93D6DE7A-9519-42B1-8447-D93B13356AD0}"
EndProject
Project("{9A19103F-16F7-4668-BE54-9A1E7A4F7556}") = "R5T.F0047", "..\..\R5T.F0047\source\R5T.F0047\R5T.F0047.csproj", "{05A5A443-BAD9-466B-86C1-B03333DDD931}"
EndProject
Project("{9A19103F-16F7-4668-BE54-9A1E7A4F7556}") = "R5T.F0057", "..\..\R5T.F0057\source\R5T.F0057\R5T.F0057.csproj", "{57BF438F-0F2D-47EB-8D91-00F3427454F6}"
EndProject
Project("{9A19103F-16F7-4668-BE54-9A1E7A4F7556}") = "R5T.F0120", "..\..\R5T.F0120\source\R5T.F0120\R5T.F0120.csproj", "{67D06E7D-FF05-4961-A88E-FB4EF43B8330}"
EndProject
Project("{9A19103F-16F7-4668-BE54-9A1E7A4F7556}") = "R5T.F0124", "..\..\R5T.F0124\source\R5T.F0124\R5T.F0124.csproj", "{614C4615-3304-4544-9B90-7E8F9A207F3B}"
EndProject
Project("{9A19103F-16F7-4668-BE54-9A1E7A4F7556}") = "R5T.F0125", "..\..\R5T.F0125\source\R5T.F0125\R5T.F0125.csproj", "{D6C52291-42B0-4CA8-B93E-08B9868169FE}"
EndProject
Project("{9A19103F-16F7-4668-BE54-9A1E7A4F7556}") = "R5T.F0129", "..\..\R5T.F0129\source\R5T.F0129\R5T.F0129.csproj", "{48A50083-6166-491B-B30C-54106B8C669A}"
EndProject
Project("{9A19103F-16F7-4668-BE54-9A1E7A4F7556}") = "R5T.F0130", "..\..\R5T.F0130\source\R5T.F0130\R5T.F0130.csproj", "{9B967CD7-95A8-4C70-9750-E95ADF88CFD6}"
EndProject
Project("{9A19103F-16F7-4668-BE54-9A1E7A4F7556}") = "R5T.L0001.Y000", "..\..\R5T.L0001\source\R5T.L0001.Y000\R5T.L0001.Y000.csproj", "{26A7CCEC-56E8-4224-AE68-1999E8553482}"
EndProject
Project("{9A19103F-16F7-4668-BE54-9A1E7A4F7556}") = "R5T.L0001.Z000", "..\..\R5T.L0001\source\R5T.L0001.Z000\R5T.L0001.Z000.csproj", "{D48E90A9-B2DB-4385-A35E-F3AC7F1250C7}"
EndProject
Project("{9A19103F-16F7-4668-BE54-9A1E7A4F7556}") = "R5T.L0001", "..\..\R5T.L0001\source\R5T.L0001\R5T.L0001.csproj", "{61BEB380-B008-4384-A6A5-C221826861C0}"
EndProject
Project("{9A19103F-16F7-4668-BE54-9A1E7A4F7556}") = "R5T.L0030.T000", "..\..\R5T.L0030\source\R5T.L0030.T000\R5T.L0030.T000.csproj", "{77E23503-5FFC-4E5E-ADE7-ECDDF66D2357}"
EndProject
Project("{9A19103F-16F7-4668-BE54-9A1E7A4F7556}") = "R5T.L0030", "..\..\R5T.L0030\source\R5T.L0030\R5T.L0030.csproj", "{294DD3DD-4286-4871-881F-D16B00BA00F3}"
EndProject
Project("{9A19103F-16F7-4668-BE54-9A1E7A4F7556}") = "R5T.L0031.T000", "..\..\R5T.L0031\source\R5T.L0031.T000\R5T.L0031.T000.csproj", "{87CC4D0B-F644-4186-A2BF-4F4C4C083574}"
EndProject
Project("{9A19103F-16F7-4668-BE54-9A1E7A4F7556}") = "R5T.L0031", "..\..\R5T.L0031\source\R5T.L0031\R5T.L0031.csproj", "{CB54B6F2-7B8E-4021-B676-B1739043607B}"
EndProject
Project("{9A19103F-16F7-4668-BE54-9A1E7A4F7556}") = "R5T.L0032.T000", "..\..\R5T.L0032\source\R5T.L0032.T000\R5T.L0032.T000.csproj", "{61157545-686E-4A25-900A-87162BB35E0E}"
EndProject
Project("{9A19103F-16F7-4668-BE54-9A1E7A4F7556}") = "R5T.L0034", "..\..\R5T.L0034\source\R5T.L0034\R5T.L0034.csproj", "{E6114AAD-F0B8-496E-8774-8D2625906080}"
EndProject
Project("{9A19103F-16F7-4668-BE54-9A1E7A4F7556}") = "R5T.L0035", "..\..\R5T.L0035\source\R5T.L0035\R5T.L0035.csproj", "{9F132046-A8AC-422C-A4F5-35790835B7E0}"
EndProject
Project("{9A19103F-16F7-4668-BE54-9A1E7A4F7556}") = "R5T.L0036.T000", "..\..\R5T.L0036\source\R5T.L0036.T000\R5T.L0036.T000.csproj", "{D7F05FE8-1E11-48A6-9520-A48E3EF46F72}"
EndProject
Project("{9A19103F-16F7-4668-BE54-9A1E7A4F7556}") = "R5T.L0036", "..\..\R5T.L0036\source\R5T.L0036\R5T.L0036.csproj", "{F0327BCB-B282-463F-BD20-F70E093EF846}"
EndProject
Project("{9A19103F-16F7-4668-BE54-9A1E7A4F7556}") = "R5T.NG0005", "..\..\R5T.NG0005\source\R5T.NG0005\R5T.NG0005.csproj", "{A8FCD9E8-FFCB-4513-86C7-E4D8B0724F14}"
EndProject
Project("{9A19103F-16F7-4668-BE54-9A1E7A4F7556}") = "R5T.NG0006", "..\..\R5T.NG0006\source\R5T.NG0006\R5T.NG0006.csproj", "{C94FC1CD-DEE6-4B7F-B3E2-6215B58A236B}"
EndProject
Project("{9A19103F-16F7-4668-BE54-9A1E7A4F7556}") = "R5T.NG0008", "..\..\R5T.NG0008\source\R5T.NG0008\R5T.NG0008.csproj", "{6B26712E-AEA5-4A1D-8DF8-1C82BE7F31B3}"
EndProject
Project("{9A19103F-16F7-4668-BE54-9A1E7A4F7556}") = "R5T.NG0022", "..\..\R5T.NG0022\source\R5T.NG0022\R5T.NG0022.csproj", "{0B1E336C-7EA4-4C43-810A-29A6442FA2CA}"
EndProject
Project("{9A19103F-16F7-4668-BE54-9A1E7A4F7556}") = "R5T.O0017", "..\..\R5T.O0017\source\R5T.O0017\R5T.O0017.csproj", "{8C3BE5AC-6E35-4F98-92DB-AAFD6E6D11C7}"
EndProject
Project("{9A19103F-16F7-4668-BE54-9A1E7A4F7556}") = "R5T.O0023", "..\..\R5T.O0023\source\R5T.O0023\R5T.O0023.csproj", "{DD82E403-FC2D-400F-9C57-C06C0EE63505}"
EndProject
Project("{9A19103F-16F7-4668-BE54-9A1E7A4F7556}") = "R5T.O0026.O001", "..\..\R5T.O0026\source\R5T.O0026.O001\R5T.O0026.O001.csproj", "{CDB4E81A-C7D5-46D9-88A2-1AB60AE2237E}"
EndProject
Project("{9A19103F-16F7-4668-BE54-9A1E7A4F7556}") = "R5T.O0026.O002", "..\..\R5T.O0026\source\R5T.O0026.O002\R5T.O0026.O002.csproj", "{2FE99445-EC63-42B4-A922-A0CAE3074E2D}"
EndProject
Project("{9A19103F-16F7-4668-BE54-9A1E7A4F7556}") = "R5T.O0026", "..\..\R5T.O0026\source\R5T.O0026\R5T.O0026.csproj", "{4CC39EF8-C1DB-474D-8A2C-D1936CC6FF5C}"
EndProject
Project("{9A19103F-16F7-4668-BE54-9A1E7A4F7556}") = "R5T.T0046", "..\..\R5T.T0046\source\R5T.T0046\R5T.T0046.csproj", "{CACEA499-CBFE-4A9E-8CCC-B42827B849BA}"
EndProject
Project("{9A19103F-16F7-4668-BE54-9A1E7A4F7556}") = "R5T.T0131", "..\..\R5T.T0131\source\R5T.T0131\R5T.T0131.csproj", "{F8EBA7A5-6008-4A50-8D4F-DDC898867E9E}"
EndProject
Project("{9A19103F-16F7-4668-BE54-9A1E7A4F7556}") = "R5T.T0132", "..\..\R5T.T0132\source\R5T.T0132\R5T.T0132.csproj", "{558D5191-7E8A-436A-9069-C1B7AB976819}"
EndProject
Project("{9A19103F-16F7-4668-BE54-9A1E7A4F7556}") = "R5T.T0137", "..\..\R5T.T0137\source\R5T.T0137\R5T.T0137.csproj", "{0CBCF7AB-6066-4128-9708-0A75F56D4C1A}"
EndProject
Project("{9A19103F-16F7-4668-BE54-9A1E7A4F7556}") = "R5T.T0142", "..\..\R5T.T0142\source\R5T.T0142\R5T.T0142.csproj", "{B4B4D64A-33E5-438B-BEDC-FAE27C16FCB4}"
EndProject
Project("{9A19103F-16F7-4668-BE54-9A1E7A4F7556}") = "R5T.T0143", "..\..\R5T.T0143\source\R5T.T0143\R5T.T0143.csproj", "{4D44E19C-0E29-4754-960E-B92C1271F378}"
EndProject
Project("{9A19103F-16F7-4668-BE54-9A1E7A4F7556}") = "R5T.T0144", "..\..\R5T.T0144\source\R5T.T0144\R5T.T0144.csproj", "{792711F3-4F16-43D5-86E0-096E0A63E680}"
EndProject
Project("{9A19103F-16F7-4668-BE54-9A1E7A4F7556}") = "R5T.T0150", "..\..\R5T.T0150\source\R5T.T0150\R5T.T0150.csproj", "{C5F4221C-6559-4C62-8117-F88E51BA1691}"
EndProject
Project("{9A19103F-16F7-4668-BE54-9A1E7A4F7556}") = "R5T.T0151", "..\..\R5T.T0151\source\R5T.T0151\R5T.T0151.csproj", "{C83B5C0A-1E62-4CD4-B60D-2884908D1452}"
EndProject
Project("{9A19103F-16F7-4668-BE54-9A1E7A4F7556}") = "R5T.T0156", "..\..\R5T.T0156\source\R5T.T0156\R5T.T0156.csproj", "{632AD9FA-9993-4BAF-87EE-561C99994169}"
EndProject
Project("{9A19103F-16F7-4668-BE54-9A1E7A4F7556}") = "R5T.T0158", "..\..\R5T.T0158\source\R5T.T0158\R5T.T0158.csproj", "{E8A7CEDC-1E4E-4898-A72C-F9DB93CF7477}"
EndProject
Project("{9A19103F-16F7-4668-BE54-9A1E7A4F7556}") = "R5T.T0159", "..\..\R5T.T0159\source\R5T.T0159\R5T.T0159.csproj", "{1048D5FB-1063-4171-9F0C-9A6C4E562505}"
EndProject
Project("{9A19103F-16F7-4668-BE54-9A1E7A4F7556}") = "R5T.T0161", "..\..\R5T.T0161\source\R5T.T0161\R5T.T0161.csproj", "{504AE56F-5F81-4450-BA82-045D0CD9BB3A}"
EndProject
Project("{9A19103F-16F7-4668-BE54-9A1E7A4F7556}") = "R5T.T0172", "..\..\R5T.T0172\source\R5T.T0172\R5T.T0172.csproj", "{58F0BBB3-B5F8-43A2-914C-A2CDA85781F2}"
EndProject
Project("{9A19103F-16F7-4668-BE54-9A1E7A4F7556}") = "R5T.T0174", "..\..\R5T.T0174\source\R5T.T0174\R5T.T0174.csproj", "{D7285C99-931C-4BD7-BF62-0321958E3100}"
EndProject
Project("{9A19103F-16F7-4668-BE54-9A1E7A4F7556}") = "R5T.T0176", "..\..\R5T.T0176\source\R5T.T0176\R5T.T0176.csproj", "{F3B03359-7482-49D0-815B-9AC6EF4F9397}"
EndProject
Project("{9A19103F-16F7-4668-BE54-9A1E7A4F7556}") = "R5T.T0177", "..\..\R5T.T0177\source\R5T.T0177\R5T.T0177.csproj", "{0827D7B3-07A3-4CA2-8F47-C90E10EFE9DD}"
EndProject
Project("{9A19103F-16F7-4668-BE54-9A1E7A4F7556}") = "R5T.T0178", "..\..\R5T.T0178\source\R5T.T0178\R5T.T0178.csproj", "{3005E728-8E8C-4D37-8935-58F48CAA75AC}"
EndProject
Project("{9A19103F-16F7-4668-BE54-9A1E7A4F7556}") = "R5T.T0179", "..\..\R5T.T0179\source\R5T.T0179\R5T.T0179.csproj", "{A975B72B-DEE5-458D-84AE-3428D9E4E2C5}"
EndProject
Project("{9A19103F-16F7-4668-BE54-9A1E7A4F7556}") = "R5T.T0180", "..\..\R5T.T0180\source\R5T.T0180\R5T.T0180.csproj", "{B59CECC7-4FE3-4F0B-AF30-683922F1268E}"
EndProject
Project("{9A19103F-16F7-4668-BE54-9A1E7A4F7556}") = "R5T.T0181", "..\..\R5T.T0181\source\R5T.T0181\R5T.T0181.csproj", "{4A683B60-A971-466E-959B-3B58639879E5}"
EndProject
Project("{9A19103F-16F7-4668-BE54-9A1E7A4F7556}") = "R5T.T0184", "..\..\R5T.T0184\source\R5T.T0184\R5T.T0184.csproj", "{8D3C833D-015F-4B18-B8A7-BBA4CBC4D585}"
EndProject
Project("{9A19103F-16F7-4668-BE54-9A1E7A4F7556}") = "R5T.T0185", "..\..\R5T.T0185\source\R5T.T0185\R5T.T0185.csproj", "{DA506174-8CAA-4CD7-AC46-A17728CDD68E}"
EndProject
Project("{9A19103F-16F7-4668-BE54-9A1E7A4F7556}") = "R5T.T0186", "..\..\R5T.T0186\source\R5T.T0186\R5T.T0186.csproj", "{C182C567-3177-4B74-8313-3156BA73475B}"
EndProject
Project("{9A19103F-16F7-4668-BE54-9A1E7A4F7556}") = "R5T.T0187", "..\..\R5T.T0187\source\R5T.T0187\R5T.T0187.csproj", "{22318FD0-D254-4864-9BEC-FCCED8AA1CAB}"
EndProject
Project("{9A19103F-16F7-4668-BE54-9A1E7A4F7556}") = "R5T.T0196", "..\..\R5T.T0196\source\R5T.T0196\R5T.T0196.csproj", "{E4350626-66F2-4A75-8617-6E548F409A7F}"
EndProject
Project("{9A19103F-16F7-4668-BE54-9A1E7A4F7556}") = "R5T.T0197", "..\..\R5T.T0197\source\R5T.T0197\R5T.T0197.csproj", "{B9DB6E88-93E8-4C81-9599-20DE55A9AD9F}"
EndProject
Project("{9A19103F-16F7-4668-BE54-9A1E7A4F7556}") = "R5T.T0198", "..\..\R5T.T0198\source\R5T.T0198\R5T.T0198.csproj", "{BCF73E2D-A208-403D-9223-9498768BD7CA}"
EndProject
Project("{9A19103F-16F7-4668-BE54-9A1E7A4F7556}") = "R5T.T0200", "..\..\R5T.T0200\source\R5T.T0200\R5T.T0200.csproj", "{012265CF-DD7D-406C-9E10-02196C4491E8}"
EndProject
Project("{9A19103F-16F7-4668-BE54-9A1E7A4F7556}") = "R5T.T0203", "..\..\R5T.T0203\source\R5T.T0203\R5T.T0203.csproj", "{D8859767-7302-4F82-92FA-457216BDDBC9}"
EndProject
Project("{9A19103F-16F7-4668-BE54-9A1E7A4F7556}") = "R5T.T0209", "..\..\R5T.T0209\source\R5T.T0209\R5T.T0209.csproj", "{B47DB2BB-6255-4213-9040-C5D1D386360D}"
EndProject
Project("{9A19103F-16F7-4668-BE54-9A1E7A4F7556}") = "R5T.Y0000", "..\..\R5T.Y0000\source\R5T.Y0000\R5T.Y0000.csproj", "{4BDF35CA-FEBC-4C4E-8280-EF7333C24CBC}"
EndProject
Project("{9A19103F-16F7-4668-BE54-9A1E7A4F7556}") = "R5T.Y0004", "..\..\R5T.Y0004\source\R5T.Y0004\R5T.Y0004.csproj", "{6EAA6786-8202-4A28-9B0B-7B80A6C7AAE1}"
EndProject
Project("{9A19103F-16F7-4668-BE54-9A1E7A4F7556}") = "R5T.Z0000", "..\..\R5T.Z0000\source\R5T.Z0000\R5T.Z0000.csproj", "{9068ABC6-9393-41C6-BE26-EFFAA0B90295}"
EndProject
Project("{9A19103F-16F7-4668-BE54-9A1E7A4F7556}") = "R5T.Z0005", "..\..\R5T.Z0005\source\R5T.Z0005\R5T.Z0005.csproj", "{7BBF167B-5F15-481E-8412-A248C74B0F8E}"
EndProject
Project("{9A19103F-16F7-4668-BE54-9A1E7A4F7556}") = "R5T.Z0013", "..\..\R5T.Z0013\source\R5T.Z0013\R5T.Z0013.csproj", "{C5C5E497-D4EC-47EF-9162-FDBFBF91257B}"
EndProject
Project("{9A19103F-16F7-4668-BE54-9A1E7A4F7556}") = "R5T.Z0044.Z001", "..\..\R5T.Z0044\source\R5T.Z0044.Z001\R5T.Z0044.Z001.csproj", "{617E2A81-F566-4B9F-BD83-1EFE9CC8556E}"
EndProject
Project("{9A19103F-16F7-4668-BE54-9A1E7A4F7556}") = "R5T.Z0046", "..\..\R5T.Z0046\source\R5T.Z0046\R5T.Z0046.csproj", "{F6B769E9-ADB7-4142-B3C4-64E23C8FFF9D}"
EndProject
Project("{9A19103F-16F7-4668-BE54-9A1E7A4F7556}") = "R5T.F0016.F001", "..\..\R5T.F0016\source\R5T.F0016.F001\R5T.F0016.F001.csproj", "{074A365E-733B-4843-9494-42A90EAB5383}"
EndProject
Project("{9A19103F-16F7-4668-BE54-9A1E7A4F7556}") = "R5T.F0016", "..\..\R5T.F0016\source\R5T.F0016\R5T.F0016.csproj", "{DEFE7AEC-0FC5-4DE6-AE13-2F7137A269EA}"
EndProject
Project("{9A19103F-16F7-4668-BE54-9A1E7A4F7556}") = "R5T.F0020", "..\..\R5T.F0020\source\R5T.F0020\R5T.F0020.csproj", "{BAC652BA-D07E-4737-AE4F-F37F86324009}"
EndProject
Project("{9A19103F-16F7-4668-BE54-9A1E7A4F7556}") = "R5T.F0026", "..\..\R5T.F0026\source\R5T.F0026\R5T.F0026.csproj", "{BBAA688E-85F8-462C-848A-1F91E24294F2}"
EndProject
Project("{9A19103F-16F7-4668-BE54-9A1E7A4F7556}") = "R5T.F0027", "..\..\R5T.F0027\source\R5T.F0027\R5T.F0027.csproj", "{67E31A41-AF5A-4FD6-9C65-39C4F7FB594E}"
EndProject
Project("{9A19103F-16F7-4668-BE54-9A1E7A4F7556}") = "R5T.F0040.F000", "..\..\R5T.F0040\source\R5T.F0040.F000\R5T.F0040.F000.csproj", "{28B15106-F3B6-467B-A48F-5F311ED27A00}"
EndProject
Project("{9A19103F-16F7-4668-BE54-9A1E7A4F7556}") = "R5T.F0040", "..\..\R5T.F0040\source\R5T.F0040\R5T.F0040.csproj", "{75D4AF58-65B9-4E46-9ABB-8FAC64448573}"
EndProject
Project("{9A19103F-16F7-4668-BE54-9A1E7A4F7556}") = "R5T.F0052", "..\..\R5T.F0052\source\R5T.F0052\R5T.F0052.csproj", "{9E848C09-66D3-4032-B1DB-D7FAE5AEF30B}"
EndProject
Project("{9A19103F-16F7-4668-BE54-9A1E7A4F7556}") = "R5T.F0053", "..\..\R5T.F0053\source\R5T.F0053\R5T.F0053.csproj", "{B1CF383C-76E1-4BDB-9637-E0008040CDAE}"
EndProject
Project("{9A19103F-16F7-4668-BE54-9A1E7A4F7556}") = "R5T.F0054", "..\..\R5T.F0054\source\R5T.F0054\R5T.F0054.csproj", "{7C1CE254-EC00-47DF-8683-20EE03C3988A}"
EndProject
Project("{9A19103F-16F7-4668-BE54-9A1E7A4F7556}") = "R5T.F0076", "..\..\R5T.F0076\source\R5T.F0076\R5T.F0076.csproj", "{BDB31CBD-207E-4F1C-BC81-1D4CBE95C3AD}"
EndProject
Project("{9A19103F-16F7-4668-BE54-9A1E7A4F7556}") = "R5T.F0077", "..\..\R5T.F0077\source\R5T.F0077\R5T.F0077.csproj", "{909CCEC0-4964-4AFF-AE25-8DB7157A1984}"
EndProject
Project("{9A19103F-16F7-4668-BE54-9A1E7A4F7556}") = "R5T.F0112", "..\..\R5T.F0112\source\R5T.F0112\R5T.F0112.csproj", "{612C755F-21EE-482E-888D-E729345CF1A8}"
EndProject
Project("{9A19103F-16F7-4668-BE54-9A1E7A4F7556}") = "R5T.F0115", "..\..\R5T.F0115\source\R5T.F0115\R5T.F0115.csproj", "{B3750176-2BFF-45ED-8C28-2D2A4130B47B}"
EndProject
Project("{9A19103F-16F7-4668-BE54-9A1E7A4F7556}") = "R5T.T0152", "..\..\R5T.T0152\source\R5T.T0152\R5T.T0152.csproj", "{EBAC200E-B597-4101-A247-8A7DF24A7923}"
EndProject
Project("{9A19103F-16F7-4668-BE54-9A1E7A4F7556}") = "R5T.T0199", "..\..\R5T.T0199\source\R5T.T0199\R5T.T0199.csproj", "{83DE78D1-A7FA-44E0-9BCF-6AB4E3E4C9D5}"
EndProject
Project("{9A19103F-16F7-4668-BE54-9A1E7A4F7556}") = "R5T.T0218", "..\..\R5T.T0218\source\R5T.T0218\R5T.T0218.csproj", "{DDDA7ABF-B9C8-4D1F-AD42-215043A4A957}"
EndProject
Project("{9A19103F-16F7-4668-BE54-9A1E7A4F7556}") = "R5T.T0220", "..\..\R5T.T0220\source\R5T.T0220\R5T.T0220.csproj", "{35F93C01-8FAC-4088-9CCE-84EE643E4EAC}"
EndProject
Project("{9A19103F-16F7-4668-BE54-9A1E7A4F7556}") = "R5T.T0221", "..\..\R5T.T0221\source\R5T.T0221\R5T.T0221.csproj", "{E2639C3B-759A-4668-BF22-17FD71EC36CD}"
EndProject
Project("{9A19103F-16F7-4668-BE54-9A1E7A4F7556}") = "R5T.Z0010", "..\..\R5T.Z0010\source\R5T.Z0010\R5T.Z0010.csproj", "{898253A8-A328-456F-AEC9-A9277B65108C}"
EndProject
Project("{9A19103F-16F7-4668-BE54-9A1E7A4F7556}") = "R5T.Z0011", "..\..\R5T.Z0011\source\R5T.Z0011\R5T.Z0011.csproj", "{B45F3BA8-44A8-4960-BAF8-E49B7BC9B9B3}"
EndProject
Project("{9A19103F-16F7-4668-BE54-9A1E7A4F7556}") = "R5T.Z0012", "..\..\R5T.Z0012\source\R5T.Z0012\R5T.Z0012.csproj", "{BF99708B-4A66-4896-A246-4C5BD5520718}"
EndProject
Project("{9A19103F-16F7-4668-BE54-9A1E7A4F7556}") = "R5T.F0035.F001", "..\..\R5T.F0035\source\R5T.F0035.F001\R5T.F0035.F001.csproj", "{FA763348-A703-4C98-A795-0E18D7840F12}"
EndProject
Project("{9A19103F-16F7-4668-BE54-9A1E7A4F7556}") = "R5T.F0059", "..\..\R5T.F0059\source\R5T.F0059\R5T.F0059.csproj", "{0E6FA959-57A0-437B-9F52-9A4695D61F71}"
EndProject
Project("{9A19103F-16F7-4668-BE54-9A1E7A4F7556}") = "R5T.NG0002", "..\..\R5T.NG0002\source\R5T.NG0002\R5T.NG0002.csproj", "{C1B8CC2D-A902-4054-B377-F0263C84D56C}"
EndProject
Project("{9A19103F-16F7-4668-BE54-9A1E7A4F7556}") = "R5T.NG0007", "..\..\R5T.NG0007\source\R5T.NG0007\R5T.NG0007.csproj", "{F479B1E2-F7E0-4D24-BCA8-7FE88EB444DA}"
EndProject
Project("{9A19103F-16F7-4668-BE54-9A1E7A4F7556}") = "R5T.T0148", "..\..\R5T.T0148\source\R5T.T0148\R5T.T0148.csproj", "{FE60879F-76D4-4E3D-B50A-021C18C07269}"
EndProject
Project("{9A19103F-16F7-4668-BE54-9A1E7A4F7556}") = "R5T.T0158.F000", "..\..\R5T.T0158\source\R5T.T0158.F000\R5T.T0158.F000.csproj", "{D8829160-C402-45D3-936D-37F1752DB4B0}"
EndProject
Project("{9A19103F-16F7-4668-BE54-9A1E7A4F7556}") = "R5T.T0158.T000", "..\..\R5T.T0158\source\R5T.T0158.T000\R5T.T0158.T000.csproj", "{CEEFD09B-A0B2-4118-855D-6CCA2A733218}"
EndProject
Project("{9A19103F-16F7-4668-BE54-9A1E7A4F7556}") = "R5T.T0159.F000", "..\..\R5T.T0159\source\R5T.T0159.F000\R5T.T0159.F000.csproj", "{8D6B6268-A7DA-4E9D-B18D-51F313667212}"
EndProject
Global
	GlobalSection(NestedProjects) = preSolution
		{95B5304B-C976-4461-B3F5-F55E6B7D82E5} = {71C1205D-FA98-48A6-BF83-17E29BAD2DF6}
		{7364C58D-B6BA-4666-99EE-275AC21EBFBD} = {71C1205D-FA98-48A6-BF83-17E29BAD2DF6}
		{00155A55-CD98-4EAA-A50A-E790F0F0E647} = {71C1205D-FA98-48A6-BF83-17E29BAD2DF6}
		{57F9C925-CAC8-42D7-9195-42CD41C039E1} = {71C1205D-FA98-48A6-BF83-17E29BAD2DF6}
		{DA73609F-7FEE-4313-855F-3EBEC841B9A9} = {71C1205D-FA98-48A6-BF83-17E29BAD2DF6}
		{CF195D23-57A3-4E0E-B433-4E70D5330004} = {71C1205D-FA98-48A6-BF83-17E29BAD2DF6}
		{93D6DE7A-9519-42B1-8447-D93B13356AD0} = {71C1205D-FA98-48A6-BF83-17E29BAD2DF6}
		{05A5A443-BAD9-466B-86C1-B03333DDD931} = {71C1205D-FA98-48A6-BF83-17E29BAD2DF6}
		{57BF438F-0F2D-47EB-8D91-00F3427454F6} = {71C1205D-FA98-48A6-BF83-17E29BAD2DF6}
		{67D06E7D-FF05-4961-A88E-FB4EF43B8330} = {71C1205D-FA98-48A6-BF83-17E29BAD2DF6}
		{614C4615-3304-4544-9B90-7E8F9A207F3B} = {71C1205D-FA98-48A6-BF83-17E29BAD2DF6}
		{D6C52291-42B0-4CA8-B93E-08B9868169FE} = {71C1205D-FA98-48A6-BF83-17E29BAD2DF6}
		{48A50083-6166-491B-B30C-54106B8C669A} = {71C1205D-FA98-48A6-BF83-17E29BAD2DF6}
		{9B967CD7-95A8-4C70-9750-E95ADF88CFD6} = {71C1205D-FA98-48A6-BF83-17E29BAD2DF6}
		{26A7CCEC-56E8-4224-AE68-1999E8553482} = {71C1205D-FA98-48A6-BF83-17E29BAD2DF6}
		{D48E90A9-B2DB-4385-A35E-F3AC7F1250C7} = {71C1205D-FA98-48A6-BF83-17E29BAD2DF6}
		{61BEB380-B008-4384-A6A5-C221826861C0} = {71C1205D-FA98-48A6-BF83-17E29BAD2DF6}
		{77E23503-5FFC-4E5E-ADE7-ECDDF66D2357} = {71C1205D-FA98-48A6-BF83-17E29BAD2DF6}
		{294DD3DD-4286-4871-881F-D16B00BA00F3} = {71C1205D-FA98-48A6-BF83-17E29BAD2DF6}
		{87CC4D0B-F644-4186-A2BF-4F4C4C083574} = {71C1205D-FA98-48A6-BF83-17E29BAD2DF6}
		{CB54B6F2-7B8E-4021-B676-B1739043607B} = {71C1205D-FA98-48A6-BF83-17E29BAD2DF6}
		{61157545-686E-4A25-900A-87162BB35E0E} = {71C1205D-FA98-48A6-BF83-17E29BAD2DF6}
		{E6114AAD-F0B8-496E-8774-8D2625906080} = {71C1205D-FA98-48A6-BF83-17E29BAD2DF6}
		{9F132046-A8AC-422C-A4F5-35790835B7E0} = {71C1205D-FA98-48A6-BF83-17E29BAD2DF6}
		{D7F05FE8-1E11-48A6-9520-A48E3EF46F72} = {71C1205D-FA98-48A6-BF83-17E29BAD2DF6}
		{F0327BCB-B282-463F-BD20-F70E093EF846} = {71C1205D-FA98-48A6-BF83-17E29BAD2DF6}
		{A8FCD9E8-FFCB-4513-86C7-E4D8B0724F14} = {71C1205D-FA98-48A6-BF83-17E29BAD2DF6}
		{C94FC1CD-DEE6-4B7F-B3E2-6215B58A236B} = {71C1205D-FA98-48A6-BF83-17E29BAD2DF6}
		{6B26712E-AEA5-4A1D-8DF8-1C82BE7F31B3} = {71C1205D-FA98-48A6-BF83-17E29BAD2DF6}
		{0B1E336C-7EA4-4C43-810A-29A6442FA2CA} = {71C1205D-FA98-48A6-BF83-17E29BAD2DF6}
		{8C3BE5AC-6E35-4F98-92DB-AAFD6E6D11C7} = {71C1205D-FA98-48A6-BF83-17E29BAD2DF6}
		{DD82E403-FC2D-400F-9C57-C06C0EE63505} = {71C1205D-FA98-48A6-BF83-17E29BAD2DF6}
		{CDB4E81A-C7D5-46D9-88A2-1AB60AE2237E} = {71C1205D-FA98-48A6-BF83-17E29BAD2DF6}
		{2FE99445-EC63-42B4-A922-A0CAE3074E2D} = {71C1205D-FA98-48A6-BF83-17E29BAD2DF6}
		{4CC39EF8-C1DB-474D-8A2C-D1936CC6FF5C} = {71C1205D-FA98-48A6-BF83-17E29BAD2DF6}
		{CACEA499-CBFE-4A9E-8CCC-B42827B849BA} = {71C1205D-FA98-48A6-BF83-17E29BAD2DF6}
		{F8EBA7A5-6008-4A50-8D4F-DDC898867E9E} = {71C1205D-FA98-48A6-BF83-17E29BAD2DF6}
		{558D5191-7E8A-436A-9069-C1B7AB976819} = {71C1205D-FA98-48A6-BF83-17E29BAD2DF6}
		{0CBCF7AB-6066-4128-9708-0A75F56D4C1A} = {71C1205D-FA98-48A6-BF83-17E29BAD2DF6}
		{B4B4D64A-33E5-438B-BEDC-FAE27C16FCB4} = {71C1205D-FA98-48A6-BF83-17E29BAD2DF6}
		{4D44E19C-0E29-4754-960E-B92C1271F378} = {71C1205D-FA98-48A6-BF83-17E29BAD2DF6}
		{792711F3-4F16-43D5-86E0-096E0A63E680} = {71C1205D-FA98-48A6-BF83-17E29BAD2DF6}
		{C5F4221C-6559-4C62-8117-F88E51BA1691} = {71C1205D-FA98-48A6-BF83-17E29BAD2DF6}
		{C83B5C0A-1E62-4CD4-B60D-2884908D1452} = {71C1205D-FA98-48A6-BF83-17E29BAD2DF6}
		{632AD9FA-9993-4BAF-87EE-561C99994169} = {71C1205D-FA98-48A6-BF83-17E29BAD2DF6}
		{E8A7CEDC-1E4E-4898-A72C-F9DB93CF7477} = {71C1205D-FA98-48A6-BF83-17E29BAD2DF6}
		{1048D5FB-1063-4171-9F0C-9A6C4E562505} = {71C1205D-FA98-48A6-BF83-17E29BAD2DF6}
		{504AE56F-5F81-4450-BA82-045D0CD9BB3A} = {71C1205D-FA98-48A6-BF83-17E29BAD2DF6}
		{58F0BBB3-B5F8-43A2-914C-A2CDA85781F2} = {71C1205D-FA98-48A6-BF83-17E29BAD2DF6}
		{D7285C99-931C-4BD7-BF62-0321958E3100} = {71C1205D-FA98-48A6-BF83-17E29BAD2DF6}
		{F3B03359-7482-49D0-815B-9AC6EF4F9397} = {71C1205D-FA98-48A6-BF83-17E29BAD2DF6}
		{0827D7B3-07A3-4CA2-8F47-C90E10EFE9DD} = {71C1205D-FA98-48A6-BF83-17E29BAD2DF6}
		{3005E728-8E8C-4D37-8935-58F48CAA75AC} = {71C1205D-FA98-48A6-BF83-17E29BAD2DF6}
		{A975B72B-DEE5-458D-84AE-3428D9E4E2C5} = {71C1205D-FA98-48A6-BF83-17E29BAD2DF6}
		{B59CECC7-4FE3-4F0B-AF30-683922F1268E} = {71C1205D-FA98-48A6-BF83-17E29BAD2DF6}
		{4A683B60-A971-466E-959B-3B58639879E5} = {71C1205D-FA98-48A6-BF83-17E29BAD2DF6}
		{8D3C833D-015F-4B18-B8A7-BBA4CBC4D585} = {71C1205D-FA98-48A6-BF83-17E29BAD2DF6}
		{DA506174-8CAA-4CD7-AC46-A17728CDD68E} = {71C1205D-FA98-48A6-BF83-17E29BAD2DF6}
		{C182C567-3177-4B74-8313-3156BA73475B} = {71C1205D-FA98-48A6-BF83-17E29BAD2DF6}
		{22318FD0-D254-4864-9BEC-FCCED8AA1CAB} = {71C1205D-FA98-48A6-BF83-17E29BAD2DF6}
		{E4350626-66F2-4A75-8617-6E548F409A7F} = {71C1205D-FA98-48A6-BF83-17E29BAD2DF6}
		{B9DB6E88-93E8-4C81-9599-20DE55A9AD9F} = {71C1205D-FA98-48A6-BF83-17E29BAD2DF6}
		{BCF73E2D-A208-403D-9223-9498768BD7CA} = {71C1205D-FA98-48A6-BF83-17E29BAD2DF6}
		{012265CF-DD7D-406C-9E10-02196C4491E8} = {71C1205D-FA98-48A6-BF83-17E29BAD2DF6}
		{D8859767-7302-4F82-92FA-457216BDDBC9} = {71C1205D-FA98-48A6-BF83-17E29BAD2DF6}
		{B47DB2BB-6255-4213-9040-C5D1D386360D} = {71C1205D-FA98-48A6-BF83-17E29BAD2DF6}
		{4BDF35CA-FEBC-4C4E-8280-EF7333C24CBC} = {71C1205D-FA98-48A6-BF83-17E29BAD2DF6}
		{6EAA6786-8202-4A28-9B0B-7B80A6C7AAE1} = {71C1205D-FA98-48A6-BF83-17E29BAD2DF6}
		{9068ABC6-9393-41C6-BE26-EFFAA0B90295} = {71C1205D-FA98-48A6-BF83-17E29BAD2DF6}
		{7BBF167B-5F15-481E-8412-A248C74B0F8E} = {71C1205D-FA98-48A6-BF83-17E29BAD2DF6}
		{C5C5E497-D4EC-47EF-9162-FDBFBF91257B} = {71C1205D-FA98-48A6-BF83-17E29BAD2DF6}
		{617E2A81-F566-4B9F-BD83-1EFE9CC8556E} = {71C1205D-FA98-48A6-BF83-17E29BAD2DF6}
		{F6B769E9-ADB7-4142-B3C4-64E23C8FFF9D} = {71C1205D-FA98-48A6-BF83-17E29BAD2DF6}
		{074A365E-733B-4843-9494-42A90EAB5383} = {71C1205D-FA98-48A6-BF83-17E29BAD2DF6}
		{DEFE7AEC-0FC5-4DE6-AE13-2F7137A269EA} = {71C1205D-FA98-48A6-BF83-17E29BAD2DF6}
		{BAC652BA-D07E-4737-AE4F-F37F86324009} = {71C1205D-FA98-48A6-BF83-17E29BAD2DF6}
		{BBAA688E-85F8-462C-848A-1F91E24294F2} = {71C1205D-FA98-48A6-BF83-17E29BAD2DF6}
		{67E31A41-AF5A-4FD6-9C65-39C4F7FB594E} = {71C1205D-FA98-48A6-BF83-17E29BAD2DF6}
		{28B15106-F3B6-467B-A48F-5F311ED27A00} = {71C1205D-FA98-48A6-BF83-17E29BAD2DF6}
		{75D4AF58-65B9-4E46-9ABB-8FAC64448573} = {71C1205D-FA98-48A6-BF83-17E29BAD2DF6}
		{9E848C09-66D3-4032-B1DB-D7FAE5AEF30B} = {71C1205D-FA98-48A6-BF83-17E29BAD2DF6}
		{B1CF383C-76E1-4BDB-9637-E0008040CDAE} = {71C1205D-FA98-48A6-BF83-17E29BAD2DF6}
		{7C1CE254-EC00-47DF-8683-20EE03C3988A} = {71C1205D-FA98-48A6-BF83-17E29BAD2DF6}
		{BDB31CBD-207E-4F1C-BC81-1D4CBE95C3AD} = {71C1205D-FA98-48A6-BF83-17E29BAD2DF6}
		{909CCEC0-4964-4AFF-AE25-8DB7157A1984} = {71C1205D-FA98-48A6-BF83-17E29BAD2DF6}
		{612C755F-21EE-482E-888D-E729345CF1A8} = {71C1205D-FA98-48A6-BF83-17E29BAD2DF6}
		{B3750176-2BFF-45ED-8C28-2D2A4130B47B} = {71C1205D-FA98-48A6-BF83-17E29BAD2DF6}
		{EBAC200E-B597-4101-A247-8A7DF24A7923} = {71C1205D-FA98-48A6-BF83-17E29BAD2DF6}
		{83DE78D1-A7FA-44E0-9BCF-6AB4E3E4C9D5} = {71C1205D-FA98-48A6-BF83-17E29BAD2DF6}
		{DDDA7ABF-B9C8-4D1F-AD42-215043A4A957} = {71C1205D-FA98-48A6-BF83-17E29BAD2DF6}
		{35F93C01-8FAC-4088-9CCE-84EE643E4EAC} = {71C1205D-FA98-48A6-BF83-17E29BAD2DF6}
		{E2639C3B-759A-4668-BF22-17FD71EC36CD} = {71C1205D-FA98-48A6-BF83-17E29BAD2DF6}
		{898253A8-A328-456F-AEC9-A9277B65108C} = {71C1205D-FA98-48A6-BF83-17E29BAD2DF6}
		{B45F3BA8-44A8-4960-BAF8-E49B7BC9B9B3} = {71C1205D-FA98-48A6-BF83-17E29BAD2DF6}
		{BF99708B-4A66-4896-A246-4C5BD5520718} = {71C1205D-FA98-48A6-BF83-17E29BAD2DF6}
		{FA763348-A703-4C98-A795-0E18D7840F12} = {71C1205D-FA98-48A6-BF83-17E29BAD2DF6}
		{0E6FA959-57A0-437B-9F52-9A4695D61F71} = {71C1205D-FA98-48A6-BF83-17E29BAD2DF6}
		{C1B8CC2D-A902-4054-B377-F0263C84D56C} = {71C1205D-FA98-48A6-BF83-17E29BAD2DF6}
		{F479B1E2-F7E0-4D24-BCA8-7FE88EB444DA} = {71C1205D-FA98-48A6-BF83-17E29BAD2DF6}
		{FE60879F-76D4-4E3D-B50A-021C18C07269} = {71C1205D-FA98-48A6-BF83-17E29BAD2DF6}
		{D8829160-C402-45D3-936D-37F1752DB4B0} = {71C1205D-FA98-48A6-BF83-17E29BAD2DF6}
		{CEEFD09B-A0B2-4118-855D-6CCA2A733218} = {71C1205D-FA98-48A6-BF83-17E29BAD2DF6}
		{8D6B6268-A7DA-4E9D-B18D-51F313667212} = {71C1205D-FA98-48A6-BF83-17E29BAD2DF6}
	EndGlobalSection
	GlobalSection(SolutionConfigurationPlatforms) = preSolution
		Debug|Any CPU = Debug|Any CPU
		Release|Any CPU = Release|Any CPU
	EndGlobalSection
	GlobalSection(ProjectConfigurationPlatforms) = postSolution
		{FCD7FDF6-B60F-41DD-8AA5-F08037FC6597}.Debug|Any CPU.ActiveCfg = Debug|Any CPU
		{FCD7FDF6-B60F-41DD-8AA5-F08037FC6597}.Debug|Any CPU.Build.0 = Debug|Any CPU
		{FCD7FDF6-B60F-41DD-8AA5-F08037FC6597}.Release|Any CPU.ActiveCfg = Release|Any CPU
		{FCD7FDF6-B60F-41DD-8AA5-F08037FC6597}.Release|Any CPU.Build.0 = Release|Any CPU
		{95B5304B-C976-4461-B3F5-F55E6B7D82E5}.Debug|Any CPU.ActiveCfg = Debug|Any CPU
		{95B5304B-C976-4461-B3F5-F55E6B7D82E5}.Debug|Any CPU.Build.0 = Debug|Any CPU
		{95B5304B-C976-4461-B3F5-F55E6B7D82E5}.Release|Any CPU.ActiveCfg = Release|Any CPU
		{95B5304B-C976-4461-B3F5-F55E6B7D82E5}.Release|Any CPU.Build.0 = Release|Any CPU
		{7364C58D-B6BA-4666-99EE-275AC21EBFBD}.Debug|Any CPU.ActiveCfg = Debug|Any CPU
		{7364C58D-B6BA-4666-99EE-275AC21EBFBD}.Debug|Any CPU.Build.0 = Debug|Any CPU
		{7364C58D-B6BA-4666-99EE-275AC21EBFBD}.Release|Any CPU.ActiveCfg = Release|Any CPU
		{7364C58D-B6BA-4666-99EE-275AC21EBFBD}.Release|Any CPU.Build.0 = Release|Any CPU
		{00155A55-CD98-4EAA-A50A-E790F0F0E647}.Debug|Any CPU.ActiveCfg = Debug|Any CPU
		{00155A55-CD98-4EAA-A50A-E790F0F0E647}.Debug|Any CPU.Build.0 = Debug|Any CPU
		{00155A55-CD98-4EAA-A50A-E790F0F0E647}.Release|Any CPU.ActiveCfg = Release|Any CPU
		{00155A55-CD98-4EAA-A50A-E790F0F0E647}.Release|Any CPU.Build.0 = Release|Any CPU
		{57F9C925-CAC8-42D7-9195-42CD41C039E1}.Debug|Any CPU.ActiveCfg = Debug|Any CPU
		{57F9C925-CAC8-42D7-9195-42CD41C039E1}.Debug|Any CPU.Build.0 = Debug|Any CPU
		{57F9C925-CAC8-42D7-9195-42CD41C039E1}.Release|Any CPU.ActiveCfg = Release|Any CPU
		{57F9C925-CAC8-42D7-9195-42CD41C039E1}.Release|Any CPU.Build.0 = Release|Any CPU
		{DA73609F-7FEE-4313-855F-3EBEC841B9A9}.Debug|Any CPU.ActiveCfg = Debug|Any CPU
		{DA73609F-7FEE-4313-855F-3EBEC841B9A9}.Debug|Any CPU.Build.0 = Debug|Any CPU
		{DA73609F-7FEE-4313-855F-3EBEC841B9A9}.Release|Any CPU.ActiveCfg = Release|Any CPU
		{DA73609F-7FEE-4313-855F-3EBEC841B9A9}.Release|Any CPU.Build.0 = Release|Any CPU
		{CF195D23-57A3-4E0E-B433-4E70D5330004}.Debug|Any CPU.ActiveCfg = Debug|Any CPU
		{CF195D23-57A3-4E0E-B433-4E70D5330004}.Debug|Any CPU.Build.0 = Debug|Any CPU
		{CF195D23-57A3-4E0E-B433-4E70D5330004}.Release|Any CPU.ActiveCfg = Release|Any CPU
		{CF195D23-57A3-4E0E-B433-4E70D5330004}.Release|Any CPU.Build.0 = Release|Any CPU
		{93D6DE7A-9519-42B1-8447-D93B13356AD0}.Debug|Any CPU.ActiveCfg = Debug|Any CPU
		{93D6DE7A-9519-42B1-8447-D93B13356AD0}.Debug|Any CPU.Build.0 = Debug|Any CPU
		{93D6DE7A-9519-42B1-8447-D93B13356AD0}.Release|Any CPU.ActiveCfg = Release|Any CPU
		{93D6DE7A-9519-42B1-8447-D93B13356AD0}.Release|Any CPU.Build.0 = Release|Any CPU
		{05A5A443-BAD9-466B-86C1-B03333DDD931}.Debug|Any CPU.ActiveCfg = Debug|Any CPU
		{05A5A443-BAD9-466B-86C1-B03333DDD931}.Debug|Any CPU.Build.0 = Debug|Any CPU
		{05A5A443-BAD9-466B-86C1-B03333DDD931}.Release|Any CPU.ActiveCfg = Release|Any CPU
		{05A5A443-BAD9-466B-86C1-B03333DDD931}.Release|Any CPU.Build.0 = Release|Any CPU
		{57BF438F-0F2D-47EB-8D91-00F3427454F6}.Debug|Any CPU.ActiveCfg = Debug|Any CPU
		{57BF438F-0F2D-47EB-8D91-00F3427454F6}.Debug|Any CPU.Build.0 = Debug|Any CPU
		{57BF438F-0F2D-47EB-8D91-00F3427454F6}.Release|Any CPU.ActiveCfg = Release|Any CPU
		{57BF438F-0F2D-47EB-8D91-00F3427454F6}.Release|Any CPU.Build.0 = Release|Any CPU
		{67D06E7D-FF05-4961-A88E-FB4EF43B8330}.Debug|Any CPU.ActiveCfg = Debug|Any CPU
		{67D06E7D-FF05-4961-A88E-FB4EF43B8330}.Debug|Any CPU.Build.0 = Debug|Any CPU
		{67D06E7D-FF05-4961-A88E-FB4EF43B8330}.Release|Any CPU.ActiveCfg = Release|Any CPU
		{67D06E7D-FF05-4961-A88E-FB4EF43B8330}.Release|Any CPU.Build.0 = Release|Any CPU
		{614C4615-3304-4544-9B90-7E8F9A207F3B}.Debug|Any CPU.ActiveCfg = Debug|Any CPU
		{614C4615-3304-4544-9B90-7E8F9A207F3B}.Debug|Any CPU.Build.0 = Debug|Any CPU
		{614C4615-3304-4544-9B90-7E8F9A207F3B}.Release|Any CPU.ActiveCfg = Release|Any CPU
		{614C4615-3304-4544-9B90-7E8F9A207F3B}.Release|Any CPU.Build.0 = Release|Any CPU
		{D6C52291-42B0-4CA8-B93E-08B9868169FE}.Debug|Any CPU.ActiveCfg = Debug|Any CPU
		{D6C52291-42B0-4CA8-B93E-08B9868169FE}.Debug|Any CPU.Build.0 = Debug|Any CPU
		{D6C52291-42B0-4CA8-B93E-08B9868169FE}.Release|Any CPU.ActiveCfg = Release|Any CPU
		{D6C52291-42B0-4CA8-B93E-08B9868169FE}.Release|Any CPU.Build.0 = Release|Any CPU
		{48A50083-6166-491B-B30C-54106B8C669A}.Debug|Any CPU.ActiveCfg = Debug|Any CPU
		{48A50083-6166-491B-B30C-54106B8C669A}.Debug|Any CPU.Build.0 = Debug|Any CPU
		{48A50083-6166-491B-B30C-54106B8C669A}.Release|Any CPU.ActiveCfg = Release|Any CPU
		{48A50083-6166-491B-B30C-54106B8C669A}.Release|Any CPU.Build.0 = Release|Any CPU
		{9B967CD7-95A8-4C70-9750-E95ADF88CFD6}.Debug|Any CPU.ActiveCfg = Debug|Any CPU
		{9B967CD7-95A8-4C70-9750-E95ADF88CFD6}.Debug|Any CPU.Build.0 = Debug|Any CPU
		{9B967CD7-95A8-4C70-9750-E95ADF88CFD6}.Release|Any CPU.ActiveCfg = Release|Any CPU
		{9B967CD7-95A8-4C70-9750-E95ADF88CFD6}.Release|Any CPU.Build.0 = Release|Any CPU
		{26A7CCEC-56E8-4224-AE68-1999E8553482}.Debug|Any CPU.ActiveCfg = Debug|Any CPU
		{26A7CCEC-56E8-4224-AE68-1999E8553482}.Debug|Any CPU.Build.0 = Debug|Any CPU
		{26A7CCEC-56E8-4224-AE68-1999E8553482}.Release|Any CPU.ActiveCfg = Release|Any CPU
		{26A7CCEC-56E8-4224-AE68-1999E8553482}.Release|Any CPU.Build.0 = Release|Any CPU
		{D48E90A9-B2DB-4385-A35E-F3AC7F1250C7}.Debug|Any CPU.ActiveCfg = Debug|Any CPU
		{D48E90A9-B2DB-4385-A35E-F3AC7F1250C7}.Debug|Any CPU.Build.0 = Debug|Any CPU
		{D48E90A9-B2DB-4385-A35E-F3AC7F1250C7}.Release|Any CPU.ActiveCfg = Release|Any CPU
		{D48E90A9-B2DB-4385-A35E-F3AC7F1250C7}.Release|Any CPU.Build.0 = Release|Any CPU
		{61BEB380-B008-4384-A6A5-C221826861C0}.Debug|Any CPU.ActiveCfg = Debug|Any CPU
		{61BEB380-B008-4384-A6A5-C221826861C0}.Debug|Any CPU.Build.0 = Debug|Any CPU
		{61BEB380-B008-4384-A6A5-C221826861C0}.Release|Any CPU.ActiveCfg = Release|Any CPU
		{61BEB380-B008-4384-A6A5-C221826861C0}.Release|Any CPU.Build.0 = Release|Any CPU
		{77E23503-5FFC-4E5E-ADE7-ECDDF66D2357}.Debug|Any CPU.ActiveCfg = Debug|Any CPU
		{77E23503-5FFC-4E5E-ADE7-ECDDF66D2357}.Debug|Any CPU.Build.0 = Debug|Any CPU
		{77E23503-5FFC-4E5E-ADE7-ECDDF66D2357}.Release|Any CPU.ActiveCfg = Release|Any CPU
		{77E23503-5FFC-4E5E-ADE7-ECDDF66D2357}.Release|Any CPU.Build.0 = Release|Any CPU
		{294DD3DD-4286-4871-881F-D16B00BA00F3}.Debug|Any CPU.ActiveCfg = Debug|Any CPU
		{294DD3DD-4286-4871-881F-D16B00BA00F3}.Debug|Any CPU.Build.0 = Debug|Any CPU
		{294DD3DD-4286-4871-881F-D16B00BA00F3}.Release|Any CPU.ActiveCfg = Release|Any CPU
		{294DD3DD-4286-4871-881F-D16B00BA00F3}.Release|Any CPU.Build.0 = Release|Any CPU
		{87CC4D0B-F644-4186-A2BF-4F4C4C083574}.Debug|Any CPU.ActiveCfg = Debug|Any CPU
		{87CC4D0B-F644-4186-A2BF-4F4C4C083574}.Debug|Any CPU.Build.0 = Debug|Any CPU
		{87CC4D0B-F644-4186-A2BF-4F4C4C083574}.Release|Any CPU.ActiveCfg = Release|Any CPU
		{87CC4D0B-F644-4186-A2BF-4F4C4C083574}.Release|Any CPU.Build.0 = Release|Any CPU
		{CB54B6F2-7B8E-4021-B676-B1739043607B}.Debug|Any CPU.ActiveCfg = Debug|Any CPU
		{CB54B6F2-7B8E-4021-B676-B1739043607B}.Debug|Any CPU.Build.0 = Debug|Any CPU
		{CB54B6F2-7B8E-4021-B676-B1739043607B}.Release|Any CPU.ActiveCfg = Release|Any CPU
		{CB54B6F2-7B8E-4021-B676-B1739043607B}.Release|Any CPU.Build.0 = Release|Any CPU
		{61157545-686E-4A25-900A-87162BB35E0E}.Debug|Any CPU.ActiveCfg = Debug|Any CPU
		{61157545-686E-4A25-900A-87162BB35E0E}.Debug|Any CPU.Build.0 = Debug|Any CPU
		{61157545-686E-4A25-900A-87162BB35E0E}.Release|Any CPU.ActiveCfg = Release|Any CPU
		{61157545-686E-4A25-900A-87162BB35E0E}.Release|Any CPU.Build.0 = Release|Any CPU
		{E6114AAD-F0B8-496E-8774-8D2625906080}.Debug|Any CPU.ActiveCfg = Debug|Any CPU
		{E6114AAD-F0B8-496E-8774-8D2625906080}.Debug|Any CPU.Build.0 = Debug|Any CPU
		{E6114AAD-F0B8-496E-8774-8D2625906080}.Release|Any CPU.ActiveCfg = Release|Any CPU
		{E6114AAD-F0B8-496E-8774-8D2625906080}.Release|Any CPU.Build.0 = Release|Any CPU
		{9F132046-A8AC-422C-A4F5-35790835B7E0}.Debug|Any CPU.ActiveCfg = Debug|Any CPU
		{9F132046-A8AC-422C-A4F5-35790835B7E0}.Debug|Any CPU.Build.0 = Debug|Any CPU
		{9F132046-A8AC-422C-A4F5-35790835B7E0}.Release|Any CPU.ActiveCfg = Release|Any CPU
		{9F132046-A8AC-422C-A4F5-35790835B7E0}.Release|Any CPU.Build.0 = Release|Any CPU
		{D7F05FE8-1E11-48A6-9520-A48E3EF46F72}.Debug|Any CPU.ActiveCfg = Debug|Any CPU
		{D7F05FE8-1E11-48A6-9520-A48E3EF46F72}.Debug|Any CPU.Build.0 = Debug|Any CPU
		{D7F05FE8-1E11-48A6-9520-A48E3EF46F72}.Release|Any CPU.ActiveCfg = Release|Any CPU
		{D7F05FE8-1E11-48A6-9520-A48E3EF46F72}.Release|Any CPU.Build.0 = Release|Any CPU
		{F0327BCB-B282-463F-BD20-F70E093EF846}.Debug|Any CPU.ActiveCfg = Debug|Any CPU
		{F0327BCB-B282-463F-BD20-F70E093EF846}.Debug|Any CPU.Build.0 = Debug|Any CPU
		{F0327BCB-B282-463F-BD20-F70E093EF846}.Release|Any CPU.ActiveCfg = Release|Any CPU
		{F0327BCB-B282-463F-BD20-F70E093EF846}.Release|Any CPU.Build.0 = Release|Any CPU
		{A8FCD9E8-FFCB-4513-86C7-E4D8B0724F14}.Debug|Any CPU.ActiveCfg = Debug|Any CPU
		{A8FCD9E8-FFCB-4513-86C7-E4D8B0724F14}.Debug|Any CPU.Build.0 = Debug|Any CPU
		{A8FCD9E8-FFCB-4513-86C7-E4D8B0724F14}.Release|Any CPU.ActiveCfg = Release|Any CPU
		{A8FCD9E8-FFCB-4513-86C7-E4D8B0724F14}.Release|Any CPU.Build.0 = Release|Any CPU
		{C94FC1CD-DEE6-4B7F-B3E2-6215B58A236B}.Debug|Any CPU.ActiveCfg = Debug|Any CPU
		{C94FC1CD-DEE6-4B7F-B3E2-6215B58A236B}.Debug|Any CPU.Build.0 = Debug|Any CPU
		{C94FC1CD-DEE6-4B7F-B3E2-6215B58A236B}.Release|Any CPU.ActiveCfg = Release|Any CPU
		{C94FC1CD-DEE6-4B7F-B3E2-6215B58A236B}.Release|Any CPU.Build.0 = Release|Any CPU
		{6B26712E-AEA5-4A1D-8DF8-1C82BE7F31B3}.Debug|Any CPU.ActiveCfg = Debug|Any CPU
		{6B26712E-AEA5-4A1D-8DF8-1C82BE7F31B3}.Debug|Any CPU.Build.0 = Debug|Any CPU
		{6B26712E-AEA5-4A1D-8DF8-1C82BE7F31B3}.Release|Any CPU.ActiveCfg = Release|Any CPU
		{6B26712E-AEA5-4A1D-8DF8-1C82BE7F31B3}.Release|Any CPU.Build.0 = Release|Any CPU
		{0B1E336C-7EA4-4C43-810A-29A6442FA2CA}.Debug|Any CPU.ActiveCfg = Debug|Any CPU
		{0B1E336C-7EA4-4C43-810A-29A6442FA2CA}.Debug|Any CPU.Build.0 = Debug|Any CPU
		{0B1E336C-7EA4-4C43-810A-29A6442FA2CA}.Release|Any CPU.ActiveCfg = Release|Any CPU
		{0B1E336C-7EA4-4C43-810A-29A6442FA2CA}.Release|Any CPU.Build.0 = Release|Any CPU
		{8C3BE5AC-6E35-4F98-92DB-AAFD6E6D11C7}.Debug|Any CPU.ActiveCfg = Debug|Any CPU
		{8C3BE5AC-6E35-4F98-92DB-AAFD6E6D11C7}.Debug|Any CPU.Build.0 = Debug|Any CPU
		{8C3BE5AC-6E35-4F98-92DB-AAFD6E6D11C7}.Release|Any CPU.ActiveCfg = Release|Any CPU
		{8C3BE5AC-6E35-4F98-92DB-AAFD6E6D11C7}.Release|Any CPU.Build.0 = Release|Any CPU
		{DD82E403-FC2D-400F-9C57-C06C0EE63505}.Debug|Any CPU.ActiveCfg = Debug|Any CPU
		{DD82E403-FC2D-400F-9C57-C06C0EE63505}.Debug|Any CPU.Build.0 = Debug|Any CPU
		{DD82E403-FC2D-400F-9C57-C06C0EE63505}.Release|Any CPU.ActiveCfg = Release|Any CPU
		{DD82E403-FC2D-400F-9C57-C06C0EE63505}.Release|Any CPU.Build.0 = Release|Any CPU
		{CDB4E81A-C7D5-46D9-88A2-1AB60AE2237E}.Debug|Any CPU.ActiveCfg = Debug|Any CPU
		{CDB4E81A-C7D5-46D9-88A2-1AB60AE2237E}.Debug|Any CPU.Build.0 = Debug|Any CPU
		{CDB4E81A-C7D5-46D9-88A2-1AB60AE2237E}.Release|Any CPU.ActiveCfg = Release|Any CPU
		{CDB4E81A-C7D5-46D9-88A2-1AB60AE2237E}.Release|Any CPU.Build.0 = Release|Any CPU
		{2FE99445-EC63-42B4-A922-A0CAE3074E2D}.Debug|Any CPU.ActiveCfg = Debug|Any CPU
		{2FE99445-EC63-42B4-A922-A0CAE3074E2D}.Debug|Any CPU.Build.0 = Debug|Any CPU
		{2FE99445-EC63-42B4-A922-A0CAE3074E2D}.Release|Any CPU.ActiveCfg = Release|Any CPU
		{2FE99445-EC63-42B4-A922-A0CAE3074E2D}.Release|Any CPU.Build.0 = Release|Any CPU
		{4CC39EF8-C1DB-474D-8A2C-D1936CC6FF5C}.Debug|Any CPU.ActiveCfg = Debug|Any CPU
		{4CC39EF8-C1DB-474D-8A2C-D1936CC6FF5C}.Debug|Any CPU.Build.0 = Debug|Any CPU
		{4CC39EF8-C1DB-474D-8A2C-D1936CC6FF5C}.Release|Any CPU.ActiveCfg = Release|Any CPU
		{4CC39EF8-C1DB-474D-8A2C-D1936CC6FF5C}.Release|Any CPU.Build.0 = Release|Any CPU
		{CACEA499-CBFE-4A9E-8CCC-B42827B849BA}.Debug|Any CPU.ActiveCfg = Debug|Any CPU
		{CACEA499-CBFE-4A9E-8CCC-B42827B849BA}.Debug|Any CPU.Build.0 = Debug|Any CPU
		{CACEA499-CBFE-4A9E-8CCC-B42827B849BA}.Release|Any CPU.ActiveCfg = Release|Any CPU
		{CACEA499-CBFE-4A9E-8CCC-B42827B849BA}.Release|Any CPU.Build.0 = Release|Any CPU
		{F8EBA7A5-6008-4A50-8D4F-DDC898867E9E}.Debug|Any CPU.ActiveCfg = Debug|Any CPU
		{F8EBA7A5-6008-4A50-8D4F-DDC898867E9E}.Debug|Any CPU.Build.0 = Debug|Any CPU
		{F8EBA7A5-6008-4A50-8D4F-DDC898867E9E}.Release|Any CPU.ActiveCfg = Release|Any CPU
		{F8EBA7A5-6008-4A50-8D4F-DDC898867E9E}.Release|Any CPU.Build.0 = Release|Any CPU
		{558D5191-7E8A-436A-9069-C1B7AB976819}.Debug|Any CPU.ActiveCfg = Debug|Any CPU
		{558D5191-7E8A-436A-9069-C1B7AB976819}.Debug|Any CPU.Build.0 = Debug|Any CPU
		{558D5191-7E8A-436A-9069-C1B7AB976819}.Release|Any CPU.ActiveCfg = Release|Any CPU
		{558D5191-7E8A-436A-9069-C1B7AB976819}.Release|Any CPU.Build.0 = Release|Any CPU
		{0CBCF7AB-6066-4128-9708-0A75F56D4C1A}.Debug|Any CPU.ActiveCfg = Debug|Any CPU
		{0CBCF7AB-6066-4128-9708-0A75F56D4C1A}.Debug|Any CPU.Build.0 = Debug|Any CPU
		{0CBCF7AB-6066-4128-9708-0A75F56D4C1A}.Release|Any CPU.ActiveCfg = Release|Any CPU
		{0CBCF7AB-6066-4128-9708-0A75F56D4C1A}.Release|Any CPU.Build.0 = Release|Any CPU
		{B4B4D64A-33E5-438B-BEDC-FAE27C16FCB4}.Debug|Any CPU.ActiveCfg = Debug|Any CPU
		{B4B4D64A-33E5-438B-BEDC-FAE27C16FCB4}.Debug|Any CPU.Build.0 = Debug|Any CPU
		{B4B4D64A-33E5-438B-BEDC-FAE27C16FCB4}.Release|Any CPU.ActiveCfg = Release|Any CPU
		{B4B4D64A-33E5-438B-BEDC-FAE27C16FCB4}.Release|Any CPU.Build.0 = Release|Any CPU
		{4D44E19C-0E29-4754-960E-B92C1271F378}.Debug|Any CPU.ActiveCfg = Debug|Any CPU
		{4D44E19C-0E29-4754-960E-B92C1271F378}.Debug|Any CPU.Build.0 = Debug|Any CPU
		{4D44E19C-0E29-4754-960E-B92C1271F378}.Release|Any CPU.ActiveCfg = Release|Any CPU
		{4D44E19C-0E29-4754-960E-B92C1271F378}.Release|Any CPU.Build.0 = Release|Any CPU
		{792711F3-4F16-43D5-86E0-096E0A63E680}.Debug|Any CPU.ActiveCfg = Debug|Any CPU
		{792711F3-4F16-43D5-86E0-096E0A63E680}.Debug|Any CPU.Build.0 = Debug|Any CPU
		{792711F3-4F16-43D5-86E0-096E0A63E680}.Release|Any CPU.ActiveCfg = Release|Any CPU
		{792711F3-4F16-43D5-86E0-096E0A63E680}.Release|Any CPU.Build.0 = Release|Any CPU
		{C5F4221C-6559-4C62-8117-F88E51BA1691}.Debug|Any CPU.ActiveCfg = Debug|Any CPU
		{C5F4221C-6559-4C62-8117-F88E51BA1691}.Debug|Any CPU.Build.0 = Debug|Any CPU
		{C5F4221C-6559-4C62-8117-F88E51BA1691}.Release|Any CPU.ActiveCfg = Release|Any CPU
		{C5F4221C-6559-4C62-8117-F88E51BA1691}.Release|Any CPU.Build.0 = Release|Any CPU
		{C83B5C0A-1E62-4CD4-B60D-2884908D1452}.Debug|Any CPU.ActiveCfg = Debug|Any CPU
		{C83B5C0A-1E62-4CD4-B60D-2884908D1452}.Debug|Any CPU.Build.0 = Debug|Any CPU
		{C83B5C0A-1E62-4CD4-B60D-2884908D1452}.Release|Any CPU.ActiveCfg = Release|Any CPU
		{C83B5C0A-1E62-4CD4-B60D-2884908D1452}.Release|Any CPU.Build.0 = Release|Any CPU
		{632AD9FA-9993-4BAF-87EE-561C99994169}.Debug|Any CPU.ActiveCfg = Debug|Any CPU
		{632AD9FA-9993-4BAF-87EE-561C99994169}.Debug|Any CPU.Build.0 = Debug|Any CPU
		{632AD9FA-9993-4BAF-87EE-561C99994169}.Release|Any CPU.ActiveCfg = Release|Any CPU
		{632AD9FA-9993-4BAF-87EE-561C99994169}.Release|Any CPU.Build.0 = Release|Any CPU
		{E8A7CEDC-1E4E-4898-A72C-F9DB93CF7477}.Debug|Any CPU.ActiveCfg = Debug|Any CPU
		{E8A7CEDC-1E4E-4898-A72C-F9DB93CF7477}.Debug|Any CPU.Build.0 = Debug|Any CPU
		{E8A7CEDC-1E4E-4898-A72C-F9DB93CF7477}.Release|Any CPU.ActiveCfg = Release|Any CPU
		{E8A7CEDC-1E4E-4898-A72C-F9DB93CF7477}.Release|Any CPU.Build.0 = Release|Any CPU
		{1048D5FB-1063-4171-9F0C-9A6C4E562505}.Debug|Any CPU.ActiveCfg = Debug|Any CPU
		{1048D5FB-1063-4171-9F0C-9A6C4E562505}.Debug|Any CPU.Build.0 = Debug|Any CPU
		{1048D5FB-1063-4171-9F0C-9A6C4E562505}.Release|Any CPU.ActiveCfg = Release|Any CPU
		{1048D5FB-1063-4171-9F0C-9A6C4E562505}.Release|Any CPU.Build.0 = Release|Any CPU
		{504AE56F-5F81-4450-BA82-045D0CD9BB3A}.Debug|Any CPU.ActiveCfg = Debug|Any CPU
		{504AE56F-5F81-4450-BA82-045D0CD9BB3A}.Debug|Any CPU.Build.0 = Debug|Any CPU
		{504AE56F-5F81-4450-BA82-045D0CD9BB3A}.Release|Any CPU.ActiveCfg = Release|Any CPU
		{504AE56F-5F81-4450-BA82-045D0CD9BB3A}.Release|Any CPU.Build.0 = Release|Any CPU
		{58F0BBB3-B5F8-43A2-914C-A2CDA85781F2}.Debug|Any CPU.ActiveCfg = Debug|Any CPU
		{58F0BBB3-B5F8-43A2-914C-A2CDA85781F2}.Debug|Any CPU.Build.0 = Debug|Any CPU
		{58F0BBB3-B5F8-43A2-914C-A2CDA85781F2}.Release|Any CPU.ActiveCfg = Release|Any CPU
		{58F0BBB3-B5F8-43A2-914C-A2CDA85781F2}.Release|Any CPU.Build.0 = Release|Any CPU
		{D7285C99-931C-4BD7-BF62-0321958E3100}.Debug|Any CPU.ActiveCfg = Debug|Any CPU
		{D7285C99-931C-4BD7-BF62-0321958E3100}.Debug|Any CPU.Build.0 = Debug|Any CPU
		{D7285C99-931C-4BD7-BF62-0321958E3100}.Release|Any CPU.ActiveCfg = Release|Any CPU
		{D7285C99-931C-4BD7-BF62-0321958E3100}.Release|Any CPU.Build.0 = Release|Any CPU
		{F3B03359-7482-49D0-815B-9AC6EF4F9397}.Debug|Any CPU.ActiveCfg = Debug|Any CPU
		{F3B03359-7482-49D0-815B-9AC6EF4F9397}.Debug|Any CPU.Build.0 = Debug|Any CPU
		{F3B03359-7482-49D0-815B-9AC6EF4F9397}.Release|Any CPU.ActiveCfg = Release|Any CPU
		{F3B03359-7482-49D0-815B-9AC6EF4F9397}.Release|Any CPU.Build.0 = Release|Any CPU
		{0827D7B3-07A3-4CA2-8F47-C90E10EFE9DD}.Debug|Any CPU.ActiveCfg = Debug|Any CPU
		{0827D7B3-07A3-4CA2-8F47-C90E10EFE9DD}.Debug|Any CPU.Build.0 = Debug|Any CPU
		{0827D7B3-07A3-4CA2-8F47-C90E10EFE9DD}.Release|Any CPU.ActiveCfg = Release|Any CPU
		{0827D7B3-07A3-4CA2-8F47-C90E10EFE9DD}.Release|Any CPU.Build.0 = Release|Any CPU
		{3005E728-8E8C-4D37-8935-58F48CAA75AC}.Debug|Any CPU.ActiveCfg = Debug|Any CPU
		{3005E728-8E8C-4D37-8935-58F48CAA75AC}.Debug|Any CPU.Build.0 = Debug|Any CPU
		{3005E728-8E8C-4D37-8935-58F48CAA75AC}.Release|Any CPU.ActiveCfg = Release|Any CPU
		{3005E728-8E8C-4D37-8935-58F48CAA75AC}.Release|Any CPU.Build.0 = Release|Any CPU
		{A975B72B-DEE5-458D-84AE-3428D9E4E2C5}.Debug|Any CPU.ActiveCfg = Debug|Any CPU
		{A975B72B-DEE5-458D-84AE-3428D9E4E2C5}.Debug|Any CPU.Build.0 = Debug|Any CPU
		{A975B72B-DEE5-458D-84AE-3428D9E4E2C5}.Release|Any CPU.ActiveCfg = Release|Any CPU
		{A975B72B-DEE5-458D-84AE-3428D9E4E2C5}.Release|Any CPU.Build.0 = Release|Any CPU
		{B59CECC7-4FE3-4F0B-AF30-683922F1268E}.Debug|Any CPU.ActiveCfg = Debug|Any CPU
		{B59CECC7-4FE3-4F0B-AF30-683922F1268E}.Debug|Any CPU.Build.0 = Debug|Any CPU
		{B59CECC7-4FE3-4F0B-AF30-683922F1268E}.Release|Any CPU.ActiveCfg = Release|Any CPU
		{B59CECC7-4FE3-4F0B-AF30-683922F1268E}.Release|Any CPU.Build.0 = Release|Any CPU
		{4A683B60-A971-466E-959B-3B58639879E5}.Debug|Any CPU.ActiveCfg = Debug|Any CPU
		{4A683B60-A971-466E-959B-3B58639879E5}.Debug|Any CPU.Build.0 = Debug|Any CPU
		{4A683B60-A971-466E-959B-3B58639879E5}.Release|Any CPU.ActiveCfg = Release|Any CPU
		{4A683B60-A971-466E-959B-3B58639879E5}.Release|Any CPU.Build.0 = Release|Any CPU
		{8D3C833D-015F-4B18-B8A7-BBA4CBC4D585}.Debug|Any CPU.ActiveCfg = Debug|Any CPU
		{8D3C833D-015F-4B18-B8A7-BBA4CBC4D585}.Debug|Any CPU.Build.0 = Debug|Any CPU
		{8D3C833D-015F-4B18-B8A7-BBA4CBC4D585}.Release|Any CPU.ActiveCfg = Release|Any CPU
		{8D3C833D-015F-4B18-B8A7-BBA4CBC4D585}.Release|Any CPU.Build.0 = Release|Any CPU
		{DA506174-8CAA-4CD7-AC46-A17728CDD68E}.Debug|Any CPU.ActiveCfg = Debug|Any CPU
		{DA506174-8CAA-4CD7-AC46-A17728CDD68E}.Debug|Any CPU.Build.0 = Debug|Any CPU
		{DA506174-8CAA-4CD7-AC46-A17728CDD68E}.Release|Any CPU.ActiveCfg = Release|Any CPU
		{DA506174-8CAA-4CD7-AC46-A17728CDD68E}.Release|Any CPU.Build.0 = Release|Any CPU
		{C182C567-3177-4B74-8313-3156BA73475B}.Debug|Any CPU.ActiveCfg = Debug|Any CPU
		{C182C567-3177-4B74-8313-3156BA73475B}.Debug|Any CPU.Build.0 = Debug|Any CPU
		{C182C567-3177-4B74-8313-3156BA73475B}.Release|Any CPU.ActiveCfg = Release|Any CPU
		{C182C567-3177-4B74-8313-3156BA73475B}.Release|Any CPU.Build.0 = Release|Any CPU
		{22318FD0-D254-4864-9BEC-FCCED8AA1CAB}.Debug|Any CPU.ActiveCfg = Debug|Any CPU
		{22318FD0-D254-4864-9BEC-FCCED8AA1CAB}.Debug|Any CPU.Build.0 = Debug|Any CPU
		{22318FD0-D254-4864-9BEC-FCCED8AA1CAB}.Release|Any CPU.ActiveCfg = Release|Any CPU
		{22318FD0-D254-4864-9BEC-FCCED8AA1CAB}.Release|Any CPU.Build.0 = Release|Any CPU
		{E4350626-66F2-4A75-8617-6E548F409A7F}.Debug|Any CPU.ActiveCfg = Debug|Any CPU
		{E4350626-66F2-4A75-8617-6E548F409A7F}.Debug|Any CPU.Build.0 = Debug|Any CPU
		{E4350626-66F2-4A75-8617-6E548F409A7F}.Release|Any CPU.ActiveCfg = Release|Any CPU
		{E4350626-66F2-4A75-8617-6E548F409A7F}.Release|Any CPU.Build.0 = Release|Any CPU
		{B9DB6E88-93E8-4C81-9599-20DE55A9AD9F}.Debug|Any CPU.ActiveCfg = Debug|Any CPU
		{B9DB6E88-93E8-4C81-9599-20DE55A9AD9F}.Debug|Any CPU.Build.0 = Debug|Any CPU
		{B9DB6E88-93E8-4C81-9599-20DE55A9AD9F}.Release|Any CPU.ActiveCfg = Release|Any CPU
		{B9DB6E88-93E8-4C81-9599-20DE55A9AD9F}.Release|Any CPU.Build.0 = Release|Any CPU
		{BCF73E2D-A208-403D-9223-9498768BD7CA}.Debug|Any CPU.ActiveCfg = Debug|Any CPU
		{BCF73E2D-A208-403D-9223-9498768BD7CA}.Debug|Any CPU.Build.0 = Debug|Any CPU
		{BCF73E2D-A208-403D-9223-9498768BD7CA}.Release|Any CPU.ActiveCfg = Release|Any CPU
		{BCF73E2D-A208-403D-9223-9498768BD7CA}.Release|Any CPU.Build.0 = Release|Any CPU
		{012265CF-DD7D-406C-9E10-02196C4491E8}.Debug|Any CPU.ActiveCfg = Debug|Any CPU
		{012265CF-DD7D-406C-9E10-02196C4491E8}.Debug|Any CPU.Build.0 = Debug|Any CPU
		{012265CF-DD7D-406C-9E10-02196C4491E8}.Release|Any CPU.ActiveCfg = Release|Any CPU
		{012265CF-DD7D-406C-9E10-02196C4491E8}.Release|Any CPU.Build.0 = Release|Any CPU
		{D8859767-7302-4F82-92FA-457216BDDBC9}.Debug|Any CPU.ActiveCfg = Debug|Any CPU
		{D8859767-7302-4F82-92FA-457216BDDBC9}.Debug|Any CPU.Build.0 = Debug|Any CPU
		{D8859767-7302-4F82-92FA-457216BDDBC9}.Release|Any CPU.ActiveCfg = Release|Any CPU
		{D8859767-7302-4F82-92FA-457216BDDBC9}.Release|Any CPU.Build.0 = Release|Any CPU
		{B47DB2BB-6255-4213-9040-C5D1D386360D}.Debug|Any CPU.ActiveCfg = Debug|Any CPU
		{B47DB2BB-6255-4213-9040-C5D1D386360D}.Debug|Any CPU.Build.0 = Debug|Any CPU
		{B47DB2BB-6255-4213-9040-C5D1D386360D}.Release|Any CPU.ActiveCfg = Release|Any CPU
		{B47DB2BB-6255-4213-9040-C5D1D386360D}.Release|Any CPU.Build.0 = Release|Any CPU
		{4BDF35CA-FEBC-4C4E-8280-EF7333C24CBC}.Debug|Any CPU.ActiveCfg = Debug|Any CPU
		{4BDF35CA-FEBC-4C4E-8280-EF7333C24CBC}.Debug|Any CPU.Build.0 = Debug|Any CPU
		{4BDF35CA-FEBC-4C4E-8280-EF7333C24CBC}.Release|Any CPU.ActiveCfg = Release|Any CPU
		{4BDF35CA-FEBC-4C4E-8280-EF7333C24CBC}.Release|Any CPU.Build.0 = Release|Any CPU
		{6EAA6786-8202-4A28-9B0B-7B80A6C7AAE1}.Debug|Any CPU.ActiveCfg = Debug|Any CPU
		{6EAA6786-8202-4A28-9B0B-7B80A6C7AAE1}.Debug|Any CPU.Build.0 = Debug|Any CPU
		{6EAA6786-8202-4A28-9B0B-7B80A6C7AAE1}.Release|Any CPU.ActiveCfg = Release|Any CPU
		{6EAA6786-8202-4A28-9B0B-7B80A6C7AAE1}.Release|Any CPU.Build.0 = Release|Any CPU
		{9068ABC6-9393-41C6-BE26-EFFAA0B90295}.Debug|Any CPU.ActiveCfg = Debug|Any CPU
		{9068ABC6-9393-41C6-BE26-EFFAA0B90295}.Debug|Any CPU.Build.0 = Debug|Any CPU
		{9068ABC6-9393-41C6-BE26-EFFAA0B90295}.Release|Any CPU.ActiveCfg = Release|Any CPU
		{9068ABC6-9393-41C6-BE26-EFFAA0B90295}.Release|Any CPU.Build.0 = Release|Any CPU
		{7BBF167B-5F15-481E-8412-A248C74B0F8E}.Debug|Any CPU.ActiveCfg = Debug|Any CPU
		{7BBF167B-5F15-481E-8412-A248C74B0F8E}.Debug|Any CPU.Build.0 = Debug|Any CPU
		{7BBF167B-5F15-481E-8412-A248C74B0F8E}.Release|Any CPU.ActiveCfg = Release|Any CPU
		{7BBF167B-5F15-481E-8412-A248C74B0F8E}.Release|Any CPU.Build.0 = Release|Any CPU
		{C5C5E497-D4EC-47EF-9162-FDBFBF91257B}.Debug|Any CPU.ActiveCfg = Debug|Any CPU
		{C5C5E497-D4EC-47EF-9162-FDBFBF91257B}.Debug|Any CPU.Build.0 = Debug|Any CPU
		{C5C5E497-D4EC-47EF-9162-FDBFBF91257B}.Release|Any CPU.ActiveCfg = Release|Any CPU
		{C5C5E497-D4EC-47EF-9162-FDBFBF91257B}.Release|Any CPU.Build.0 = Release|Any CPU
		{617E2A81-F566-4B9F-BD83-1EFE9CC8556E}.Debug|Any CPU.ActiveCfg = Debug|Any CPU
		{617E2A81-F566-4B9F-BD83-1EFE9CC8556E}.Debug|Any CPU.Build.0 = Debug|Any CPU
		{617E2A81-F566-4B9F-BD83-1EFE9CC8556E}.Release|Any CPU.ActiveCfg = Release|Any CPU
		{617E2A81-F566-4B9F-BD83-1EFE9CC8556E}.Release|Any CPU.Build.0 = Release|Any CPU
		{F6B769E9-ADB7-4142-B3C4-64E23C8FFF9D}.Debug|Any CPU.ActiveCfg = Debug|Any CPU
		{F6B769E9-ADB7-4142-B3C4-64E23C8FFF9D}.Debug|Any CPU.Build.0 = Debug|Any CPU
		{F6B769E9-ADB7-4142-B3C4-64E23C8FFF9D}.Release|Any CPU.ActiveCfg = Release|Any CPU
		{F6B769E9-ADB7-4142-B3C4-64E23C8FFF9D}.Release|Any CPU.Build.0 = Release|Any CPU
		{074A365E-733B-4843-9494-42A90EAB5383}.Debug|Any CPU.ActiveCfg = Debug|Any CPU
		{074A365E-733B-4843-9494-42A90EAB5383}.Debug|Any CPU.Build.0 = Debug|Any CPU
		{074A365E-733B-4843-9494-42A90EAB5383}.Release|Any CPU.ActiveCfg = Release|Any CPU
		{074A365E-733B-4843-9494-42A90EAB5383}.Release|Any CPU.Build.0 = Release|Any CPU
		{DEFE7AEC-0FC5-4DE6-AE13-2F7137A269EA}.Debug|Any CPU.ActiveCfg = Debug|Any CPU
		{DEFE7AEC-0FC5-4DE6-AE13-2F7137A269EA}.Debug|Any CPU.Build.0 = Debug|Any CPU
		{DEFE7AEC-0FC5-4DE6-AE13-2F7137A269EA}.Release|Any CPU.ActiveCfg = Release|Any CPU
		{DEFE7AEC-0FC5-4DE6-AE13-2F7137A269EA}.Release|Any CPU.Build.0 = Release|Any CPU
		{BAC652BA-D07E-4737-AE4F-F37F86324009}.Debug|Any CPU.ActiveCfg = Debug|Any CPU
		{BAC652BA-D07E-4737-AE4F-F37F86324009}.Debug|Any CPU.Build.0 = Debug|Any CPU
		{BAC652BA-D07E-4737-AE4F-F37F86324009}.Release|Any CPU.ActiveCfg = Release|Any CPU
		{BAC652BA-D07E-4737-AE4F-F37F86324009}.Release|Any CPU.Build.0 = Release|Any CPU
		{BBAA688E-85F8-462C-848A-1F91E24294F2}.Debug|Any CPU.ActiveCfg = Debug|Any CPU
		{BBAA688E-85F8-462C-848A-1F91E24294F2}.Debug|Any CPU.Build.0 = Debug|Any CPU
		{BBAA688E-85F8-462C-848A-1F91E24294F2}.Release|Any CPU.ActiveCfg = Release|Any CPU
		{BBAA688E-85F8-462C-848A-1F91E24294F2}.Release|Any CPU.Build.0 = Release|Any CPU
		{67E31A41-AF5A-4FD6-9C65-39C4F7FB594E}.Debug|Any CPU.ActiveCfg = Debug|Any CPU
		{67E31A41-AF5A-4FD6-9C65-39C4F7FB594E}.Debug|Any CPU.Build.0 = Debug|Any CPU
		{67E31A41-AF5A-4FD6-9C65-39C4F7FB594E}.Release|Any CPU.ActiveCfg = Release|Any CPU
		{67E31A41-AF5A-4FD6-9C65-39C4F7FB594E}.Release|Any CPU.Build.0 = Release|Any CPU
		{28B15106-F3B6-467B-A48F-5F311ED27A00}.Debug|Any CPU.ActiveCfg = Debug|Any CPU
		{28B15106-F3B6-467B-A48F-5F311ED27A00}.Debug|Any CPU.Build.0 = Debug|Any CPU
		{28B15106-F3B6-467B-A48F-5F311ED27A00}.Release|Any CPU.ActiveCfg = Release|Any CPU
		{28B15106-F3B6-467B-A48F-5F311ED27A00}.Release|Any CPU.Build.0 = Release|Any CPU
		{75D4AF58-65B9-4E46-9ABB-8FAC64448573}.Debug|Any CPU.ActiveCfg = Debug|Any CPU
		{75D4AF58-65B9-4E46-9ABB-8FAC64448573}.Debug|Any CPU.Build.0 = Debug|Any CPU
		{75D4AF58-65B9-4E46-9ABB-8FAC64448573}.Release|Any CPU.ActiveCfg = Release|Any CPU
		{75D4AF58-65B9-4E46-9ABB-8FAC64448573}.Release|Any CPU.Build.0 = Release|Any CPU
		{9E848C09-66D3-4032-B1DB-D7FAE5AEF30B}.Debug|Any CPU.ActiveCfg = Debug|Any CPU
		{9E848C09-66D3-4032-B1DB-D7FAE5AEF30B}.Debug|Any CPU.Build.0 = Debug|Any CPU
		{9E848C09-66D3-4032-B1DB-D7FAE5AEF30B}.Release|Any CPU.ActiveCfg = Release|Any CPU
		{9E848C09-66D3-4032-B1DB-D7FAE5AEF30B}.Release|Any CPU.Build.0 = Release|Any CPU
		{B1CF383C-76E1-4BDB-9637-E0008040CDAE}.Debug|Any CPU.ActiveCfg = Debug|Any CPU
		{B1CF383C-76E1-4BDB-9637-E0008040CDAE}.Debug|Any CPU.Build.0 = Debug|Any CPU
		{B1CF383C-76E1-4BDB-9637-E0008040CDAE}.Release|Any CPU.ActiveCfg = Release|Any CPU
		{B1CF383C-76E1-4BDB-9637-E0008040CDAE}.Release|Any CPU.Build.0 = Release|Any CPU
		{7C1CE254-EC00-47DF-8683-20EE03C3988A}.Debug|Any CPU.ActiveCfg = Debug|Any CPU
		{7C1CE254-EC00-47DF-8683-20EE03C3988A}.Debug|Any CPU.Build.0 = Debug|Any CPU
		{7C1CE254-EC00-47DF-8683-20EE03C3988A}.Release|Any CPU.ActiveCfg = Release|Any CPU
		{7C1CE254-EC00-47DF-8683-20EE03C3988A}.Release|Any CPU.Build.0 = Release|Any CPU
		{BDB31CBD-207E-4F1C-BC81-1D4CBE95C3AD}.Debug|Any CPU.ActiveCfg = Debug|Any CPU
		{BDB31CBD-207E-4F1C-BC81-1D4CBE95C3AD}.Debug|Any CPU.Build.0 = Debug|Any CPU
		{BDB31CBD-207E-4F1C-BC81-1D4CBE95C3AD}.Release|Any CPU.ActiveCfg = Release|Any CPU
		{BDB31CBD-207E-4F1C-BC81-1D4CBE95C3AD}.Release|Any CPU.Build.0 = Release|Any CPU
		{909CCEC0-4964-4AFF-AE25-8DB7157A1984}.Debug|Any CPU.ActiveCfg = Debug|Any CPU
		{909CCEC0-4964-4AFF-AE25-8DB7157A1984}.Debug|Any CPU.Build.0 = Debug|Any CPU
		{909CCEC0-4964-4AFF-AE25-8DB7157A1984}.Release|Any CPU.ActiveCfg = Release|Any CPU
		{909CCEC0-4964-4AFF-AE25-8DB7157A1984}.Release|Any CPU.Build.0 = Release|Any CPU
		{612C755F-21EE-482E-888D-E729345CF1A8}.Debug|Any CPU.ActiveCfg = Debug|Any CPU
		{612C755F-21EE-482E-888D-E729345CF1A8}.Debug|Any CPU.Build.0 = Debug|Any CPU
		{612C755F-21EE-482E-888D-E729345CF1A8}.Release|Any CPU.ActiveCfg = Release|Any CPU
		{612C755F-21EE-482E-888D-E729345CF1A8}.Release|Any CPU.Build.0 = Release|Any CPU
		{B3750176-2BFF-45ED-8C28-2D2A4130B47B}.Debug|Any CPU.ActiveCfg = Debug|Any CPU
		{B3750176-2BFF-45ED-8C28-2D2A4130B47B}.Debug|Any CPU.Build.0 = Debug|Any CPU
		{B3750176-2BFF-45ED-8C28-2D2A4130B47B}.Release|Any CPU.ActiveCfg = Release|Any CPU
		{B3750176-2BFF-45ED-8C28-2D2A4130B47B}.Release|Any CPU.Build.0 = Release|Any CPU
		{EBAC200E-B597-4101-A247-8A7DF24A7923}.Debug|Any CPU.ActiveCfg = Debug|Any CPU
		{EBAC200E-B597-4101-A247-8A7DF24A7923}.Debug|Any CPU.Build.0 = Debug|Any CPU
		{EBAC200E-B597-4101-A247-8A7DF24A7923}.Release|Any CPU.ActiveCfg = Release|Any CPU
		{EBAC200E-B597-4101-A247-8A7DF24A7923}.Release|Any CPU.Build.0 = Release|Any CPU
		{83DE78D1-A7FA-44E0-9BCF-6AB4E3E4C9D5}.Debug|Any CPU.ActiveCfg = Debug|Any CPU
		{83DE78D1-A7FA-44E0-9BCF-6AB4E3E4C9D5}.Debug|Any CPU.Build.0 = Debug|Any CPU
		{83DE78D1-A7FA-44E0-9BCF-6AB4E3E4C9D5}.Release|Any CPU.ActiveCfg = Release|Any CPU
		{83DE78D1-A7FA-44E0-9BCF-6AB4E3E4C9D5}.Release|Any CPU.Build.0 = Release|Any CPU
		{DDDA7ABF-B9C8-4D1F-AD42-215043A4A957}.Debug|Any CPU.ActiveCfg = Debug|Any CPU
		{DDDA7ABF-B9C8-4D1F-AD42-215043A4A957}.Debug|Any CPU.Build.0 = Debug|Any CPU
		{DDDA7ABF-B9C8-4D1F-AD42-215043A4A957}.Release|Any CPU.ActiveCfg = Release|Any CPU
		{DDDA7ABF-B9C8-4D1F-AD42-215043A4A957}.Release|Any CPU.Build.0 = Release|Any CPU
		{35F93C01-8FAC-4088-9CCE-84EE643E4EAC}.Debug|Any CPU.ActiveCfg = Debug|Any CPU
		{35F93C01-8FAC-4088-9CCE-84EE643E4EAC}.Debug|Any CPU.Build.0 = Debug|Any CPU
		{35F93C01-8FAC-4088-9CCE-84EE643E4EAC}.Release|Any CPU.ActiveCfg = Release|Any CPU
		{35F93C01-8FAC-4088-9CCE-84EE643E4EAC}.Release|Any CPU.Build.0 = Release|Any CPU
		{E2639C3B-759A-4668-BF22-17FD71EC36CD}.Debug|Any CPU.ActiveCfg = Debug|Any CPU
		{E2639C3B-759A-4668-BF22-17FD71EC36CD}.Debug|Any CPU.Build.0 = Debug|Any CPU
		{E2639C3B-759A-4668-BF22-17FD71EC36CD}.Release|Any CPU.ActiveCfg = Release|Any CPU
		{E2639C3B-759A-4668-BF22-17FD71EC36CD}.Release|Any CPU.Build.0 = Release|Any CPU
		{898253A8-A328-456F-AEC9-A9277B65108C}.Debug|Any CPU.ActiveCfg = Debug|Any CPU
		{898253A8-A328-456F-AEC9-A9277B65108C}.Debug|Any CPU.Build.0 = Debug|Any CPU
		{898253A8-A328-456F-AEC9-A9277B65108C}.Release|Any CPU.ActiveCfg = Release|Any CPU
		{898253A8-A328-456F-AEC9-A9277B65108C}.Release|Any CPU.Build.0 = Release|Any CPU
		{B45F3BA8-44A8-4960-BAF8-E49B7BC9B9B3}.Debug|Any CPU.ActiveCfg = Debug|Any CPU
		{B45F3BA8-44A8-4960-BAF8-E49B7BC9B9B3}.Debug|Any CPU.Build.0 = Debug|Any CPU
		{B45F3BA8-44A8-4960-BAF8-E49B7BC9B9B3}.Release|Any CPU.ActiveCfg = Release|Any CPU
		{B45F3BA8-44A8-4960-BAF8-E49B7BC9B9B3}.Release|Any CPU.Build.0 = Release|Any CPU
		{BF99708B-4A66-4896-A246-4C5BD5520718}.Debug|Any CPU.ActiveCfg = Debug|Any CPU
		{BF99708B-4A66-4896-A246-4C5BD5520718}.Debug|Any CPU.Build.0 = Debug|Any CPU
		{BF99708B-4A66-4896-A246-4C5BD5520718}.Release|Any CPU.ActiveCfg = Release|Any CPU
		{BF99708B-4A66-4896-A246-4C5BD5520718}.Release|Any CPU.Build.0 = Release|Any CPU
		{FA763348-A703-4C98-A795-0E18D7840F12}.Debug|Any CPU.ActiveCfg = Debug|Any CPU
		{FA763348-A703-4C98-A795-0E18D7840F12}.Debug|Any CPU.Build.0 = Debug|Any CPU
		{FA763348-A703-4C98-A795-0E18D7840F12}.Release|Any CPU.ActiveCfg = Release|Any CPU
		{FA763348-A703-4C98-A795-0E18D7840F12}.Release|Any CPU.Build.0 = Release|Any CPU
		{0E6FA959-57A0-437B-9F52-9A4695D61F71}.Debug|Any CPU.ActiveCfg = Debug|Any CPU
		{0E6FA959-57A0-437B-9F52-9A4695D61F71}.Debug|Any CPU.Build.0 = Debug|Any CPU
		{0E6FA959-57A0-437B-9F52-9A4695D61F71}.Release|Any CPU.ActiveCfg = Release|Any CPU
		{0E6FA959-57A0-437B-9F52-9A4695D61F71}.Release|Any CPU.Build.0 = Release|Any CPU
		{C1B8CC2D-A902-4054-B377-F0263C84D56C}.Debug|Any CPU.ActiveCfg = Debug|Any CPU
		{C1B8CC2D-A902-4054-B377-F0263C84D56C}.Debug|Any CPU.Build.0 = Debug|Any CPU
		{C1B8CC2D-A902-4054-B377-F0263C84D56C}.Release|Any CPU.ActiveCfg = Release|Any CPU
		{C1B8CC2D-A902-4054-B377-F0263C84D56C}.Release|Any CPU.Build.0 = Release|Any CPU
		{F479B1E2-F7E0-4D24-BCA8-7FE88EB444DA}.Debug|Any CPU.ActiveCfg = Debug|Any CPU
		{F479B1E2-F7E0-4D24-BCA8-7FE88EB444DA}.Debug|Any CPU.Build.0 = Debug|Any CPU
		{F479B1E2-F7E0-4D24-BCA8-7FE88EB444DA}.Release|Any CPU.ActiveCfg = Release|Any CPU
		{F479B1E2-F7E0-4D24-BCA8-7FE88EB444DA}.Release|Any CPU.Build.0 = Release|Any CPU
		{FE60879F-76D4-4E3D-B50A-021C18C07269}.Debug|Any CPU.ActiveCfg = Debug|Any CPU
		{FE60879F-76D4-4E3D-B50A-021C18C07269}.Debug|Any CPU.Build.0 = Debug|Any CPU
		{FE60879F-76D4-4E3D-B50A-021C18C07269}.Release|Any CPU.ActiveCfg = Release|Any CPU
		{FE60879F-76D4-4E3D-B50A-021C18C07269}.Release|Any CPU.Build.0 = Release|Any CPU
		{D8829160-C402-45D3-936D-37F1752DB4B0}.Debug|Any CPU.ActiveCfg = Debug|Any CPU
		{D8829160-C402-45D3-936D-37F1752DB4B0}.Debug|Any CPU.Build.0 = Debug|Any CPU
		{D8829160-C402-45D3-936D-37F1752DB4B0}.Release|Any CPU.ActiveCfg = Release|Any CPU
		{D8829160-C402-45D3-936D-37F1752DB4B0}.Release|Any CPU.Build.0 = Release|Any CPU
		{CEEFD09B-A0B2-4118-855D-6CCA2A733218}.Debug|Any CPU.ActiveCfg = Debug|Any CPU
		{CEEFD09B-A0B2-4118-855D-6CCA2A733218}.Debug|Any CPU.Build.0 = Debug|Any CPU
		{CEEFD09B-A0B2-4118-855D-6CCA2A733218}.Release|Any CPU.ActiveCfg = Release|Any CPU
		{CEEFD09B-A0B2-4118-855D-6CCA2A733218}.Release|Any CPU.Build.0 = Release|Any CPU
		{8D6B6268-A7DA-4E9D-B18D-51F313667212}.Debug|Any CPU.ActiveCfg = Debug|Any CPU
		{8D6B6268-A7DA-4E9D-B18D-51F313667212}.Debug|Any CPU.Build.0 = Debug|Any CPU
		{8D6B6268-A7DA-4E9D-B18D-51F313667212}.Release|Any CPU.ActiveCfg = Release|Any CPU
		{8D6B6268-A7DA-4E9D-B18D-51F313667212}.Release|Any CPU.Build.0 = Release|Any CPU
	EndGlobalSection
	GlobalSection(SolutionProperties) = preSolution
		HideSolutionNode = FALSE
	EndGlobalSection
	GlobalSection(ExtensibilityGlobals) = postSolution
		SolutionGuid = {A3959553-2C0B-4DAC-A05C-C5D4883BACC4}
	EndGlobalSection
EndGlobal
